// !$*UTF8*$!
{
	archiveVersion = 1;
	classes = {
	};
	objectVersion = 42;
	objects = {

/* Begin PBXBuildFile section */
		8D11072A0486CEB800E47090 /* MainMenu.nib in Resources */ = {isa = PBXBuildFile; fileRef = 29B97318FDCFA39411CA2CEA /* MainMenu.nib */; };
		8D11072B0486CEB800E47090 /* InfoPlist.strings in Resources */ = {isa = PBXBuildFile; fileRef = 089C165CFE840E0CC02AAC07 /* InfoPlist.strings */; };
		8D11072D0486CEB800E47090 /* main.m in Sources */ = {isa = PBXBuildFile; fileRef = 29B97316FDCFA39411CA2CEA /* main.m */; settings = {ATTRIBUTES = (); }; };
		8D11072F0486CEB800E47090 /* Cocoa.framework in Frameworks */ = {isa = PBXBuildFile; fileRef = 1058C7A1FEA54F0111CA2CBB /* Cocoa.framework */; };
		A10DD1340A1D42C2004861C0 /* AVCBrowserIcon.icns in Resources */ = {isa = PBXBuildFile; fileRef = A10DD1330A1D42C2004861C0 /* AVCBrowserIcon.icns */; };
		A1315C2209F54EEC00271E11 /* CoreFoundation.framework in Frameworks */ = {isa = PBXBuildFile; fileRef = A1315C1F09F54EEB00271E11 /* CoreFoundation.framework */; };
		A1315C2309F54EEC00271E11 /* CoreServices.framework in Frameworks */ = {isa = PBXBuildFile; fileRef = A1315C2009F54EEC00271E11 /* CoreServices.framework */; };
		A1315C2409F54EEC00271E11 /* IOKit.framework in Frameworks */ = {isa = PBXBuildFile; fileRef = A1315C2109F54EEC00271E11 /* IOKit.framework */; };
		A1315C3009F54F0600271E11 /* AVCVideoServices.framework in Frameworks */ = {isa = PBXBuildFile; fileRef = A1315C2F09F54F0600271E11 /* AVCVideoServices.framework */; };
		A1315C3909F54F2100271E11 /* AVCVideoServices.framework in CopyFiles */ = {isa = PBXBuildFile; fileRef = A1315C2F09F54F0600271E11 /* AVCVideoServices.framework */; };
		A1315C6909F552BC00271E11 /* AVCBrowserController.h in CopyFiles */ = {isa = PBXBuildFile; fileRef = A1315C6709F552BC00271E11 /* AVCBrowserController.h */; };
		A1315C6A09F552BC00271E11 /* AVCBrowserController.mm in Sources */ = {isa = PBXBuildFile; fileRef = A1315C6809F552BC00271E11 /* AVCBrowserController.mm */; };
		A1478A5D09F57A61008A0196 /* AVCDeviceControlPanelController.h in CopyFiles */ = {isa = PBXBuildFile; fileRef = A1478A5B09F57A61008A0196 /* AVCDeviceControlPanelController.h */; };
		A1478A5E09F57A61008A0196 /* AVCDeviceControlPanelController.mm in Sources */ = {isa = PBXBuildFile; fileRef = A1478A5C09F57A61008A0196 /* AVCDeviceControlPanelController.mm */; };
		A18930DB09F58180003F7BBB /* AVCDeviceControlPanel.nib in Resources */ = {isa = PBXBuildFile; fileRef = A18930DA09F58180003F7BBB /* AVCDeviceControlPanel.nib */; };
		A1D661130A2230360015E67A /* FastForwardButton-Normal.tif in Resources */ = {isa = PBXBuildFile; fileRef = A1D6610D0A2230360015E67A /* FastForwardButton-Normal.tif */; };
		A1D661140A2230360015E67A /* PauseButton-Normal.tif in Resources */ = {isa = PBXBuildFile; fileRef = A1D6610E0A2230360015E67A /* PauseButton-Normal.tif */; };
		A1D661150A2230360015E67A /* PlayButton-Normal.tif in Resources */ = {isa = PBXBuildFile; fileRef = A1D6610F0A2230360015E67A /* PlayButton-Normal.tif */; };
		A1D661160A2230360015E67A /* record-0N.tiff in Resources */ = {isa = PBXBuildFile; fileRef = A1D661100A2230360015E67A /* record-0N.tiff */; };
		A1D661170A2230360015E67A /* RewindButton-Normal.tif in Resources */ = {isa = PBXBuildFile; fileRef = A1D661110A2230360015E67A /* RewindButton-Normal.tif */; };
		A1D661180A2230360015E67A /* StopButton-Normal.tif in Resources */ = {isa = PBXBuildFile; fileRef = A1D661120A2230360015E67A /* StopButton-Normal.tif */; };
/* End PBXBuildFile section */

/* Begin PBXCopyFilesBuildPhase section */
		A1315C3309F54F1300271E11 /* CopyFiles */ = {
			isa = PBXCopyFilesBuildPhase;
			buildActionMask = 2147483647;
			dstPath = "";
			dstSubfolderSpec = 10;
			files = (
				A1315C3909F54F2100271E11 /* AVCVideoServices.framework in CopyFiles */,
				A1315C6909F552BC00271E11 /* AVCBrowserController.h in CopyFiles */,
				A1478A5D09F57A61008A0196 /* AVCDeviceControlPanelController.h in CopyFiles */,
			);
			runOnlyForDeploymentPostprocessing = 0;
		};
/* End PBXCopyFilesBuildPhase section */

/* Begin PBXFileReference section */
		089C165DFE840E0CC02AAC07 /* English */ = {isa = PBXFileReference; fileEncoding = 10; lastKnownFileType = text.plist.strings; name = English; path = English.lproj/InfoPlist.strings; sourceTree = "<group>"; };
		1058C7A1FEA54F0111CA2CBB /* Cocoa.framework */ = {isa = PBXFileReference; lastKnownFileType = wrapper.framework; name = Cocoa.framework; path = /System/Library/Frameworks/Cocoa.framework; sourceTree = "<absolute>"; };
		13E42FB307B3F0F600E4EEF1 /* CoreData.framework */ = {isa = PBXFileReference; lastKnownFileType = wrapper.framework; name = CoreData.framework; path = /System/Library/Frameworks/CoreData.framework; sourceTree = "<absolute>"; };
		29B97316FDCFA39411CA2CEA /* main.m */ = {isa = PBXFileReference; fileEncoding = 4; lastKnownFileType = sourcecode.c.objc; path = main.m; sourceTree = "<group>"; };
		29B97319FDCFA39411CA2CEA /* English */ = {isa = PBXFileReference; lastKnownFileType = wrapper.nib; name = English; path = English.lproj/MainMenu.nib; sourceTree = "<group>"; };
		29B97324FDCFA39411CA2CEA /* AppKit.framework */ = {isa = PBXFileReference; lastKnownFileType = wrapper.framework; name = AppKit.framework; path = /System/Library/Frameworks/AppKit.framework; sourceTree = "<absolute>"; };
		29B97325FDCFA39411CA2CEA /* Foundation.framework */ = {isa = PBXFileReference; lastKnownFileType = wrapper.framework; name = Foundation.framework; path = /System/Library/Frameworks/Foundation.framework; sourceTree = "<absolute>"; };
		32CA4F630368D1EE00C91783 /* AVCBrowser2_Prefix.pch */ = {isa = PBXFileReference; fileEncoding = 4; lastKnownFileType = sourcecode.c.h; path = AVCBrowser2_Prefix.pch; sourceTree = "<group>"; };
		8D1107310486CEB800E47090 /* Info.plist */ = {isa = PBXFileReference; fileEncoding = 4; lastKnownFileType = text.plist; path = Info.plist; sourceTree = "<group>"; };
		8D1107320486CEB800E47090 /* AVCBrowser.app */ = {isa = PBXFileReference; includeInIndex = 0; lastKnownFileType = wrapper.application; path = AVCBrowser.app; sourceTree = BUILT_PRODUCTS_DIR; };
		A10DD1330A1D42C2004861C0 /* AVCBrowserIcon.icns */ = {isa = PBXFileReference; lastKnownFileType = image.icns; path = AVCBrowserIcon.icns; sourceTree = "<group>"; };
		A1315C1F09F54EEB00271E11 /* CoreFoundation.framework */ = {isa = PBXFileReference; lastKnownFileType = wrapper.framework; name = CoreFoundation.framework; path = /System/Library/Frameworks/CoreFoundation.framework; sourceTree = "<absolute>"; };
		A1315C2009F54EEC00271E11 /* CoreServices.framework */ = {isa = PBXFileReference; lastKnownFileType = wrapper.framework; name = CoreServices.framework; path = /System/Library/Frameworks/CoreServices.framework; sourceTree = "<absolute>"; };
		A1315C2109F54EEC00271E11 /* IOKit.framework */ = {isa = PBXFileReference; lastKnownFileType = wrapper.framework; name = IOKit.framework; path = /System/Library/Frameworks/IOKit.framework; sourceTree = "<absolute>"; };
		A1315C2F09F54F0600271E11 /* AVCVideoServices.framework */ = {isa = PBXFileReference; lastKnownFileType = wrapper.framework; name = AVCVideoServices.framework; path = ../Framework/AVCVideoServices.framework; sourceTree = SOURCE_ROOT; };
		A1315C6709F552BC00271E11 /* AVCBrowserController.h */ = {isa = PBXFileReference; fileEncoding = 4; lastKnownFileType = sourcecode.c.h; path = AVCBrowserController.h; sourceTree = "<group>"; };
		A1315C6809F552BC00271E11 /* AVCBrowserController.mm */ = {isa = PBXFileReference; fileEncoding = 4; lastKnownFileType = sourcecode.cpp.objcpp; path = AVCBrowserController.mm; sourceTree = "<group>"; };
		A1478A4309F57A26008A0196 /* English */ = {isa = PBXFileReference; lastKnownFileType = wrapper.nib; name = English; path = English.lproj/AVCDeviceControlPanel.nib; sourceTree = "<group>"; };
		A1478A5B09F57A61008A0196 /* AVCDeviceControlPanelController.h */ = {isa = PBXFileReference; fileEncoding = 4; lastKnownFileType = sourcecode.c.h; path = AVCDeviceControlPanelController.h; sourceTree = "<group>"; };
		A1478A5C09F57A61008A0196 /* AVCDeviceControlPanelController.mm */ = {isa = PBXFileReference; fileEncoding = 4; lastKnownFileType = sourcecode.cpp.objcpp; path = AVCDeviceControlPanelController.mm; sourceTree = "<group>"; };
		A1D6610D0A2230360015E67A /* FastForwardButton-Normal.tif */ = {isa = PBXFileReference; lastKnownFileType = image.tiff; path = "FastForwardButton-Normal.tif"; sourceTree = "<group>"; };
		A1D6610E0A2230360015E67A /* PauseButton-Normal.tif */ = {isa = PBXFileReference; lastKnownFileType = image.tiff; path = "PauseButton-Normal.tif"; sourceTree = "<group>"; };
		A1D6610F0A2230360015E67A /* PlayButton-Normal.tif */ = {isa = PBXFileReference; lastKnownFileType = image.tiff; path = "PlayButton-Normal.tif"; sourceTree = "<group>"; };
		A1D661100A2230360015E67A /* record-0N.tiff */ = {isa = PBXFileReference; lastKnownFileType = image.tiff; path = "record-0N.tiff"; sourceTree = "<group>"; };
		A1D661110A2230360015E67A /* RewindButton-Normal.tif */ = {isa = PBXFileReference; lastKnownFileType = image.tiff; path = "RewindButton-Normal.tif"; sourceTree = "<group>"; };
		A1D661120A2230360015E67A /* StopButton-Normal.tif */ = {isa = PBXFileReference; lastKnownFileType = image.tiff; path = "StopButton-Normal.tif"; sourceTree = "<group>"; };
/* End PBXFileReference section */

/* Begin PBXFrameworksBuildPhase section */
		8D11072E0486CEB800E47090 /* Frameworks */ = {
			isa = PBXFrameworksBuildPhase;
			buildActionMask = 2147483647;
			files = (
				8D11072F0486CEB800E47090 /* Cocoa.framework in Frameworks */,
				A1315C2209F54EEC00271E11 /* CoreFoundation.framework in Frameworks */,
				A1315C2309F54EEC00271E11 /* CoreServices.framework in Frameworks */,
				A1315C2409F54EEC00271E11 /* IOKit.framework in Frameworks */,
				A1315C3009F54F0600271E11 /* AVCVideoServices.framework in Frameworks */,
			);
			runOnlyForDeploymentPostprocessing = 0;
		};
/* End PBXFrameworksBuildPhase section */

/* Begin PBXGroup section */
		080E96DDFE201D6D7F000001 /* Classes */ = {
			isa = PBXGroup;
			children = (
				A1315C6709F552BC00271E11 /* AVCBrowserController.h */,
				A1315C6809F552BC00271E11 /* AVCBrowserController.mm */,
				A1478A5B09F57A61008A0196 /* AVCDeviceControlPanelController.h */,
				A1478A5C09F57A61008A0196 /* AVCDeviceControlPanelController.mm */,
			);
			name = Classes;
			sourceTree = "<group>";
		};
		1058C7A0FEA54F0111CA2CBB /* Linked Frameworks */ = {
			isa = PBXGroup;
			children = (
				1058C7A1FEA54F0111CA2CBB /* Cocoa.framework */,
			);
			name = "Linked Frameworks";
			sourceTree = "<group>";
		};
		1058C7A2FEA54F0111CA2CBB /* Other Frameworks */ = {
			isa = PBXGroup;
			children = (
				29B97324FDCFA39411CA2CEA /* AppKit.framework */,
				13E42FB307B3F0F600E4EEF1 /* CoreData.framework */,
				29B97325FDCFA39411CA2CEA /* Foundation.framework */,
			);
			name = "Other Frameworks";
			sourceTree = "<group>";
		};
		19C28FACFE9D520D11CA2CBB /* Products */ = {
			isa = PBXGroup;
			children = (
				8D1107320486CEB800E47090 /* AVCBrowser.app */,
			);
			name = Products;
			sourceTree = "<group>";
		};
		29B97314FDCFA39411CA2CEA /* AVCBrowser2 */ = {
			isa = PBXGroup;
			children = (
				080E96DDFE201D6D7F000001 /* Classes */,
				29B97315FDCFA39411CA2CEA /* Other Sources */,
				29B97317FDCFA39411CA2CEA /* Resources */,
				29B97323FDCFA39411CA2CEA /* Frameworks */,
				19C28FACFE9D520D11CA2CBB /* Products */,
			);
			name = AVCBrowser2;
			sourceTree = "<group>";
		};
		29B97315FDCFA39411CA2CEA /* Other Sources */ = {
			isa = PBXGroup;
			children = (
				32CA4F630368D1EE00C91783 /* AVCBrowser2_Prefix.pch */,
				29B97316FDCFA39411CA2CEA /* main.m */,
			);
			name = "Other Sources";
			sourceTree = "<group>";
		};
		29B97317FDCFA39411CA2CEA /* Resources */ = {
			isa = PBXGroup;
			children = (
				A1D6610C0A2230360015E67A /* TransportControlButtonImages */,
				A10DD1330A1D42C2004861C0 /* AVCBrowserIcon.icns */,
				8D1107310486CEB800E47090 /* Info.plist */,
				089C165CFE840E0CC02AAC07 /* InfoPlist.strings */,
				A18930DA09F58180003F7BBB /* AVCDeviceControlPanel.nib */,
				29B97318FDCFA39411CA2CEA /* MainMenu.nib */,
			);
			name = Resources;
			sourceTree = "<group>";
		};
		29B97323FDCFA39411CA2CEA /* Frameworks */ = {
			isa = PBXGroup;
			children = (
				A1315C2F09F54F0600271E11 /* AVCVideoServices.framework */,
				A1315C1F09F54EEB00271E11 /* CoreFoundation.framework */,
				A1315C2009F54EEC00271E11 /* CoreServices.framework */,
				A1315C2109F54EEC00271E11 /* IOKit.framework */,
				1058C7A0FEA54F0111CA2CBB /* Linked Frameworks */,
				1058C7A2FEA54F0111CA2CBB /* Other Frameworks */,
			);
			name = Frameworks;
			sourceTree = "<group>";
		};
		A1D6610C0A2230360015E67A /* TransportControlButtonImages */ = {
			isa = PBXGroup;
			children = (
				A1D6610D0A2230360015E67A /* FastForwardButton-Normal.tif */,
				A1D6610E0A2230360015E67A /* PauseButton-Normal.tif */,
				A1D6610F0A2230360015E67A /* PlayButton-Normal.tif */,
				A1D661100A2230360015E67A /* record-0N.tiff */,
				A1D661110A2230360015E67A /* RewindButton-Normal.tif */,
				A1D661120A2230360015E67A /* StopButton-Normal.tif */,
			);
			path = TransportControlButtonImages;
			sourceTree = "<group>";
		};
/* End PBXGroup section */

/* Begin PBXNativeTarget section */
		8D1107260486CEB800E47090 /* AVCBrowser */ = {
			isa = PBXNativeTarget;
			buildConfigurationList = C01FCF4A08A954540054247B /* Build configuration list for PBXNativeTarget "AVCBrowser" */;
			buildPhases = (
				8D1107290486CEB800E47090 /* Resources */,
				8D11072C0486CEB800E47090 /* Sources */,
				8D11072E0486CEB800E47090 /* Frameworks */,
				A1315C3309F54F1300271E11 /* CopyFiles */,
			);
			buildRules = (
			);
			dependencies = (
			);
			name = AVCBrowser;
			productInstallPath = "$(HOME)/Applications";
			productName = AVCBrowser2;
			productReference = 8D1107320486CEB800E47090 /* AVCBrowser.app */;
			productType = "com.apple.product-type.application";
		};
/* End PBXNativeTarget section */

/* Begin PBXProject section */
		29B97313FDCFA39411CA2CEA /* Project object */ = {
			isa = PBXProject;
			buildConfigurationList = C01FCF4E08A954540054247B /* Build configuration list for PBXProject "AVCBrowser2" */;
			hasScannedForEncodings = 1;
			mainGroup = 29B97314FDCFA39411CA2CEA /* AVCBrowser2 */;
			projectDirPath = "";
			targets = (
				8D1107260486CEB800E47090 /* AVCBrowser */,
			);
		};
/* End PBXProject section */

/* Begin PBXResourcesBuildPhase section */
		8D1107290486CEB800E47090 /* Resources */ = {
			isa = PBXResourcesBuildPhase;
			buildActionMask = 2147483647;
			files = (
				8D11072A0486CEB800E47090 /* MainMenu.nib in Resources */,
				8D11072B0486CEB800E47090 /* InfoPlist.strings in Resources */,
				A18930DB09F58180003F7BBB /* AVCDeviceControlPanel.nib in Resources */,
				A10DD1340A1D42C2004861C0 /* AVCBrowserIcon.icns in Resources */,
				A1D661130A2230360015E67A /* FastForwardButton-Normal.tif in Resources */,
				A1D661140A2230360015E67A /* PauseButton-Normal.tif in Resources */,
				A1D661150A2230360015E67A /* PlayButton-Normal.tif in Resources */,
				A1D661160A2230360015E67A /* record-0N.tiff in Resources */,
				A1D661170A2230360015E67A /* RewindButton-Normal.tif in Resources */,
				A1D661180A2230360015E67A /* StopButton-Normal.tif in Resources */,
			);
			runOnlyForDeploymentPostprocessing = 0;
		};
/* End PBXResourcesBuildPhase section */

/* Begin PBXSourcesBuildPhase section */
		8D11072C0486CEB800E47090 /* Sources */ = {
			isa = PBXSourcesBuildPhase;
			buildActionMask = 2147483647;
			files = (
				8D11072D0486CEB800E47090 /* main.m in Sources */,
				A1315C6A09F552BC00271E11 /* AVCBrowserController.mm in Sources */,
				A1478A5E09F57A61008A0196 /* AVCDeviceControlPanelController.mm in Sources */,
			);
			runOnlyForDeploymentPostprocessing = 0;
		};
/* End PBXSourcesBuildPhase section */

/* Begin PBXVariantGroup section */
		089C165CFE840E0CC02AAC07 /* InfoPlist.strings */ = {
			isa = PBXVariantGroup;
			children = (
				089C165DFE840E0CC02AAC07 /* English */,
			);
			name = InfoPlist.strings;
			sourceTree = "<group>";
		};
		29B97318FDCFA39411CA2CEA /* MainMenu.nib */ = {
			isa = PBXVariantGroup;
			children = (
				29B97319FDCFA39411CA2CEA /* English */,
			);
			name = MainMenu.nib;
			sourceTree = "<group>";
		};
		A18930DA09F58180003F7BBB /* AVCDeviceControlPanel.nib */ = {
			isa = PBXVariantGroup;
			children = (
				A1478A4309F57A26008A0196 /* English */,
			);
			name = AVCDeviceControlPanel.nib;
			sourceTree = "<group>";
		};
/* End PBXVariantGroup section */

/* Begin XCBuildConfiguration section */
		C01FCF4B08A954540054247B /* Debug */ = {
			isa = XCBuildConfiguration;
			buildSettings = {
				COPY_PHASE_STRIP = NO;
				FRAMEWORK_SEARCH_PATHS = ../Framework;
				GCC_DYNAMIC_NO_PIC = NO;
				GCC_ENABLE_FIX_AND_CONTINUE = YES;
				GCC_MODEL_TUNING = G5;
				GCC_OPTIMIZATION_LEVEL = 0;
				INFOPLIST_FILE = Info.plist;
				PRODUCT_NAME = AVCBrowser;
				WRAPPER_EXTENSION = app;
				ZERO_LINK = YES;
			};
			name = Debug;
		};
		C01FCF4C08A954540054247B /* Release */ = {
			isa = XCBuildConfiguration;
			buildSettings = {
				ARCHS = (
					ppc,
					i386,
				);
				FRAMEWORK_SEARCH_PATHS = ../Framework;
				GCC_GENERATE_DEBUGGING_SYMBOLS = NO;
				GCC_MODEL_TUNING = G5;
				INFOPLIST_FILE = Info.plist;
				PRODUCT_NAME = AVCBrowser;
				WRAPPER_EXTENSION = app;
			};
			name = Release;
		};
		C01FCF4F08A954540054247B /* Debug */ = {
			isa = XCBuildConfiguration;
			buildSettings = {
				GCC_WARN_ABOUT_RETURN_TYPE = YES;
				GCC_WARN_UNUSED_VARIABLE = YES;
				PREBINDING = NO;
				SDKROOT = /Developer/SDKs/MacOSX10.4u.sdk;
			};
			name = Debug;
		};
		C01FCF5008A954540054247B /* Release */ = {
			isa = XCBuildConfiguration;
			buildSettings = {
				ARCHS = (
					ppc,
					i386,
				);
				GCC_WARN_ABOUT_RETURN_TYPE = YES;
				GCC_WARN_UNUSED_VARIABLE = YES;
				PREBINDING = NO;
				SDKROOT = /Developer/SDKs/MacOSX10.4u.sdk;
			};
			name = Release;
		};
/* End XCBuildConfiguration section */

/* Begin XCConfigurationList section */
		C01FCF4A08A954540054247B /* Build configuration list for PBXNativeTarget "AVCBrowser" */ = {
			isa = XCConfigurationList;
			buildConfigurations = (
				C01FCF4B08A954540054247B /* Debug */,
				C01FCF4C08A954540054247B /* Release */,
			);
			defaultConfigurationIsVisible = 0;
			defaultConfigurationName = Release;
		};
		C01FCF4E08A954540054247B /* Build configuration list for PBXProject "AVCBrowser2" */ = {
			isa = XCConfigurationList;
			buildConfigurations = (
				C01FCF4F08A954540054247B /* Debug */,
				C01FCF5008A954540054247B /* Release */,
			);
			defaultConfigurationIsVisible = 0;
			defaultConfigurationName = Release;
		};
/* End XCConfigurationList section */
	};
	rootObject = 29B97313FDCFA39411CA2CEA /* Project object */;
}
