// !$*UTF8*$!
{
	archiveVersion = 1;
	classes = {
	};
	objectVersion = 42;
	objects = {

/* Begin PBXBuildFile section */
		A12295D0088309FD00F73BE7 /* FastForwardButton-Normal.tif in CopyFiles */ = {isa = PBXBuildFile; fileRef = F5C76E4C045D879801CD2849 /* FastForwardButton-Normal.tif */; };
		A12295D1088309FD00F73BE7 /* PauseButton-Hilighted-Blue.tif in CopyFiles */ = {isa = PBXBuildFile; fileRef = F5C76E4D045D879801CD2849 /* PauseButton-Hilighted-Blue.tif */; };
		A12295D2088309FD00F73BE7 /* PauseButton-Normal.tif in CopyFiles */ = {isa = PBXBuildFile; fileRef = F5C76E4E045D879801CD2849 /* PauseButton-Normal.tif */; };
		A12295D3088309FD00F73BE7 /* PlayButton-Normal.tif in CopyFiles */ = {isa = PBXBuildFile; fileRef = F5C76E4F045D879801CD2849 /* PlayButton-Normal.tif */; };
		A12295D4088309FD00F73BE7 /* PlayButton-Running-Blue.tif in CopyFiles */ = {isa = PBXBuildFile; fileRef = F5C76E50045D879801CD2849 /* PlayButton-Running-Blue.tif */; };
		A12295D5088309FD00F73BE7 /* record-0N.tiff in CopyFiles */ = {isa = PBXBuildFile; fileRef = F5C76E51045D879801CD2849 /* record-0N.tiff */; };
		A12295D6088309FD00F73BE7 /* record-1H.tiff in CopyFiles */ = {isa = PBXBuildFile; fileRef = F5C76E52045D879801CD2849 /* record-1H.tiff */; };
		A12295D7088309FD00F73BE7 /* RewindButton-Normal.tif in CopyFiles */ = {isa = PBXBuildFile; fileRef = F5C76E53045D879801CD2849 /* RewindButton-Normal.tif */; };
		A12295D8088309FD00F73BE7 /* StopButton-Hilighted-Blue.tif in CopyFiles */ = {isa = PBXBuildFile; fileRef = F5C76E54045D879801CD2849 /* StopButton-Hilighted-Blue.tif */; };
		A12295D9088309FD00F73BE7 /* StopButton-Normal.tif in CopyFiles */ = {isa = PBXBuildFile; fileRef = F5C76E55045D879801CD2849 /* StopButton-Normal.tif */; };
		A12295DB088309FD00F73BE7 /* DVHSCapController.h in Headers */ = {isa = PBXBuildFile; fileRef = F521BF0F045D800E01CD2849 /* DVHSCapController.h */; };
		A12295DD088309FD00F73BE7 /* MainMenu.nib in Resources */ = {isa = PBXBuildFile; fileRef = 29B97318FDCFA39411CA2CEA /* MainMenu.nib */; };
		A12295DE088309FD00F73BE7 /* InfoPlist.strings in Resources */ = {isa = PBXBuildFile; fileRef = 089C165CFE840E0CC02AAC07 /* InfoPlist.strings */; };
		A12295E0088309FD00F73BE7 /* main.m in Sources */ = {isa = PBXBuildFile; fileRef = 29B97316FDCFA39411CA2CEA /* main.m */; settings = {ATTRIBUTES = (); }; };
		A12295E1088309FD00F73BE7 /* DVHSCapController.mm in Sources */ = {isa = PBXBuildFile; fileRef = F521BF10045D800E01CD2849 /* DVHSCapController.mm */; };
		A12295E3088309FD00F73BE7 /* Cocoa.framework in Frameworks */ = {isa = PBXBuildFile; fileRef = 1058C7A1FEA54F0111CA2CBB /* Cocoa.framework */; };
		A12295E4088309FD00F73BE7 /* IOKit.framework in Frameworks */ = {isa = PBXBuildFile; fileRef = F521BF20045D84C501CD2849 /* IOKit.framework */; };
		A12295E5088309FD00F73BE7 /* AVCVideoServices.framework in Frameworks */ = {isa = PBXBuildFile; fileRef = A1A39D50056BDD6D0029F4F5 /* AVCVideoServices.framework */; };
		A12295E7088309FD00F73BE7 /* AVCVideoServices.framework in CopyFiles */ = {isa = PBXBuildFile; fileRef = A1A39D50056BDD6D0029F4F5 /* AVCVideoServices.framework */; };
/* End PBXBuildFile section */

/* Begin PBXCopyFilesBuildPhase section */
		A12295CF088309FD00F73BE7 /* CopyFiles */ = {
			isa = PBXCopyFilesBuildPhase;
			buildActionMask = 2147483647;
			dstPath = "";
			dstSubfolderSpec = 7;
			files = (
				A12295D0088309FD00F73BE7 /* FastForwardButton-Normal.tif in CopyFiles */,
				A12295D1088309FD00F73BE7 /* PauseButton-Hilighted-Blue.tif in CopyFiles */,
				A12295D2088309FD00F73BE7 /* PauseButton-Normal.tif in CopyFiles */,
				A12295D3088309FD00F73BE7 /* PlayButton-Normal.tif in CopyFiles */,
				A12295D4088309FD00F73BE7 /* PlayButton-Running-Blue.tif in CopyFiles */,
				A12295D5088309FD00F73BE7 /* record-0N.tiff in CopyFiles */,
				A12295D6088309FD00F73BE7 /* record-1H.tiff in CopyFiles */,
				A12295D7088309FD00F73BE7 /* RewindButton-Normal.tif in CopyFiles */,
				A12295D8088309FD00F73BE7 /* StopButton-Hilighted-Blue.tif in CopyFiles */,
				A12295D9088309FD00F73BE7 /* StopButton-Normal.tif in CopyFiles */,
			);
			runOnlyForDeploymentPostprocessing = 0;
		};
		A12295E6088309FD00F73BE7 /* CopyFiles */ = {
			isa = PBXCopyFilesBuildPhase;
			buildActionMask = 2147483647;
			dstPath = "";
			dstSubfolderSpec = 10;
			files = (
				A12295E7088309FD00F73BE7 /* AVCVideoServices.framework in CopyFiles */,
			);
			runOnlyForDeploymentPostprocessing = 0;
		};
/* End PBXCopyFilesBuildPhase section */

/* Begin PBXFileReference section */
		089C165DFE840E0CC02AAC07 /* English */ = {isa = PBXFileReference; fileEncoding = 10; lastKnownFileType = text.plist.strings; name = English; path = English.lproj/InfoPlist.strings; sourceTree = "<group>"; };
		1058C7A1FEA54F0111CA2CBB /* Cocoa.framework */ = {isa = PBXFileReference; lastKnownFileType = wrapper.framework; name = Cocoa.framework; path = /System/Library/Frameworks/Cocoa.framework; sourceTree = "<absolute>"; };
		29B97316FDCFA39411CA2CEA /* main.m */ = {isa = PBXFileReference; fileEncoding = 30; lastKnownFileType = sourcecode.c.objc; path = main.m; sourceTree = "<group>"; };
		29B97319FDCFA39411CA2CEA /* English */ = {isa = PBXFileReference; lastKnownFileType = wrapper.nib; name = English; path = English.lproj/MainMenu.nib; sourceTree = "<group>"; };
		29B97324FDCFA39411CA2CEA /* AppKit.framework */ = {isa = PBXFileReference; lastKnownFileType = wrapper.framework; name = AppKit.framework; path = /System/Library/Frameworks/AppKit.framework; sourceTree = "<absolute>"; };
		29B97325FDCFA39411CA2CEA /* Foundation.framework */ = {isa = PBXFileReference; lastKnownFileType = wrapper.framework; name = Foundation.framework; path = /System/Library/Frameworks/Foundation.framework; sourceTree = "<absolute>"; };
		A12295EC088309FD00F73BE7 /* Info-DVHSCap.plist */ = {isa = PBXFileReference; lastKnownFileType = text.xml; path = "Info-DVHSCap.plist"; sourceTree = "<group>"; };
		A12295ED088309FE00F73BE7 /* DVHSCap.app */ = {isa = PBXFileReference; explicitFileType = wrapper.application; includeInIndex = 0; path = DVHSCap.app; sourceTree = BUILT_PRODUCTS_DIR; };
		A1A39D50056BDD6D0029F4F5 /* AVCVideoServices.framework */ = {isa = PBXFileReference; lastKnownFileType = wrapper.framework; name = AVCVideoServices.framework; path = ../Framework/AVCVideoServices.framework; sourceTree = "<group>"; };
		F521BF0F045D800E01CD2849 /* DVHSCapController.h */ = {isa = PBXFileReference; fileEncoding = 30; lastKnownFileType = sourcecode.c.h; path = DVHSCapController.h; sourceTree = "<group>"; };
		F521BF10045D800E01CD2849 /* DVHSCapController.mm */ = {isa = PBXFileReference; fileEncoding = 30; lastKnownFileType = sourcecode.cpp.objcpp; path = DVHSCapController.mm; sourceTree = "<group>"; };
		F521BF20045D84C501CD2849 /* IOKit.framework */ = {isa = PBXFileReference; lastKnownFileType = wrapper.framework; name = IOKit.framework; path = /System/Library/Frameworks/IOKit.framework; sourceTree = "<absolute>"; };
		F5C76E4C045D879801CD2849 /* FastForwardButton-Normal.tif */ = {isa = PBXFileReference; lastKnownFileType = image.tiff; path = "FastForwardButton-Normal.tif"; sourceTree = "<group>"; };
		F5C76E4D045D879801CD2849 /* PauseButton-Hilighted-Blue.tif */ = {isa = PBXFileReference; lastKnownFileType = image.tiff; path = "PauseButton-Hilighted-Blue.tif"; sourceTree = "<group>"; };
		F5C76E4E045D879801CD2849 /* PauseButton-Normal.tif */ = {isa = PBXFileReference; lastKnownFileType = image.tiff; path = "PauseButton-Normal.tif"; sourceTree = "<group>"; };
		F5C76E4F045D879801CD2849 /* PlayButton-Normal.tif */ = {isa = PBXFileReference; lastKnownFileType = image.tiff; path = "PlayButton-Normal.tif"; sourceTree = "<group>"; };
		F5C76E50045D879801CD2849 /* PlayButton-Running-Blue.tif */ = {isa = PBXFileReference; lastKnownFileType = image.tiff; path = "PlayButton-Running-Blue.tif"; sourceTree = "<group>"; };
		F5C76E51045D879801CD2849 /* record-0N.tiff */ = {isa = PBXFileReference; lastKnownFileType = image.tiff; path = "record-0N.tiff"; sourceTree = "<group>"; };
		F5C76E52045D879801CD2849 /* record-1H.tiff */ = {isa = PBXFileReference; lastKnownFileType = image.tiff; path = "record-1H.tiff"; sourceTree = "<group>"; };
		F5C76E53045D879801CD2849 /* RewindButton-Normal.tif */ = {isa = PBXFileReference; lastKnownFileType = image.tiff; path = "RewindButton-Normal.tif"; sourceTree = "<group>"; };
		F5C76E54045D879801CD2849 /* StopButton-Hilighted-Blue.tif */ = {isa = PBXFileReference; lastKnownFileType = image.tiff; path = "StopButton-Hilighted-Blue.tif"; sourceTree = "<group>"; };
		F5C76E55045D879801CD2849 /* StopButton-Normal.tif */ = {isa = PBXFileReference; lastKnownFileType = image.tiff; path = "StopButton-Normal.tif"; sourceTree = "<group>"; };
/* End PBXFileReference section */

/* Begin PBXFrameworksBuildPhase section */
		A12295E2088309FD00F73BE7 /* Frameworks */ = {
			isa = PBXFrameworksBuildPhase;
			buildActionMask = 2147483647;
			files = (
				A12295E3088309FD00F73BE7 /* Cocoa.framework in Frameworks */,
				A12295E4088309FD00F73BE7 /* IOKit.framework in Frameworks */,
				A12295E5088309FD00F73BE7 /* AVCVideoServices.framework in Frameworks */,
			);
			runOnlyForDeploymentPostprocessing = 0;
		};
/* End PBXFrameworksBuildPhase section */

/* Begin PBXGroup section */
		080E96DDFE201D6D7F000001 /* Classes */ = {
			isa = PBXGroup;
			children = (
				F521BF0F045D800E01CD2849 /* DVHSCapController.h */,
				F521BF10045D800E01CD2849 /* DVHSCapController.mm */,
			);
			name = Classes;
			sourceTree = "<group>";
		};
		1058C7A0FEA54F0111CA2CBB /* Linked Frameworks */ = {
			isa = PBXGroup;
			children = (
				1058C7A1FEA54F0111CA2CBB /* Cocoa.framework */,
				F521BF20045D84C501CD2849 /* IOKit.framework */,
				A1A39D50056BDD6D0029F4F5 /* AVCVideoServices.framework */,
			);
			name = "Linked Frameworks";
			sourceTree = "<group>";
		};
		1058C7A2FEA54F0111CA2CBB /* Other Frameworks */ = {
			isa = PBXGroup;
			children = (
				29B97325FDCFA39411CA2CEA /* Foundation.framework */,
				29B97324FDCFA39411CA2CEA /* AppKit.framework */,
			);
			name = "Other Frameworks";
			sourceTree = "<group>";
		};
		19C28FACFE9D520D11CA2CBB /* Products */ = {
			isa = PBXGroup;
			children = (
				A12295ED088309FE00F73BE7 /* DVHSCap.app */,
			);
			name = Products;
			sourceTree = "<group>";
		};
		29B97314FDCFA39411CA2CEA /* DVHSCap */ = {
			isa = PBXGroup;
			children = (
				080E96DDFE201D6D7F000001 /* Classes */,
				29B97315FDCFA39411CA2CEA /* Other Sources */,
				29B97317FDCFA39411CA2CEA /* Resources */,
				29B97323FDCFA39411CA2CEA /* Frameworks */,
				19C28FACFE9D520D11CA2CBB /* Products */,
				A12295EC088309FD00F73BE7 /* Info-DVHSCap.plist */,
			);
			name = DVHSCap;
			sourceTree = "<group>";
		};
		29B97315FDCFA39411CA2CEA /* Other Sources */ = {
			isa = PBXGroup;
			children = (
				29B97316FDCFA39411CA2CEA /* main.m */,
			);
			name = "Other Sources";
			sourceTree = "<group>";
		};
		29B97317FDCFA39411CA2CEA /* Resources */ = {
			isa = PBXGroup;
			children = (
				F5C76E4A045D879801CD2849 /* TransportControlButtonImages */,
				29B97318FDCFA39411CA2CEA /* MainMenu.nib */,
				089C165CFE840E0CC02AAC07 /* InfoPlist.strings */,
			);
			name = Resources;
			sourceTree = "<group>";
		};
		29B97323FDCFA39411CA2CEA /* Frameworks */ = {
			isa = PBXGroup;
			children = (
				1058C7A0FEA54F0111CA2CBB /* Linked Frameworks */,
				1058C7A2FEA54F0111CA2CBB /* Other Frameworks */,
			);
			name = Frameworks;
			sourceTree = "<group>";
		};
		F5C76E4A045D879801CD2849 /* TransportControlButtonImages */ = {
			isa = PBXGroup;
			children = (
				F5C76E4C045D879801CD2849 /* FastForwardButton-Normal.tif */,
				F5C76E4D045D879801CD2849 /* PauseButton-Hilighted-Blue.tif */,
				F5C76E4E045D879801CD2849 /* PauseButton-Normal.tif */,
				F5C76E4F045D879801CD2849 /* PlayButton-Normal.tif */,
				F5C76E50045D879801CD2849 /* PlayButton-Running-Blue.tif */,
				F5C76E51045D879801CD2849 /* record-0N.tiff */,
				F5C76E52045D879801CD2849 /* record-1H.tiff */,
				F5C76E53045D879801CD2849 /* RewindButton-Normal.tif */,
				F5C76E54045D879801CD2849 /* StopButton-Hilighted-Blue.tif */,
				F5C76E55045D879801CD2849 /* StopButton-Normal.tif */,
			);
			path = TransportControlButtonImages;
			sourceTree = "<group>";
		};
/* End PBXGroup section */

/* Begin PBXHeadersBuildPhase section */
		A12295DA088309FD00F73BE7 /* Headers */ = {
			isa = PBXHeadersBuildPhase;
			buildActionMask = 2147483647;
			files = (
				A12295DB088309FD00F73BE7 /* DVHSCapController.h in Headers */,
			);
			runOnlyForDeploymentPostprocessing = 0;
		};
/* End PBXHeadersBuildPhase section */

/* Begin PBXNativeTarget section */
		A12295CE088309FD00F73BE7 /* DVHSCap */ = {
			isa = PBXNativeTarget;
			buildConfigurationList = A12295E8088309FD00F73BE7 /* Build configuration list for PBXNativeTarget "DVHSCap" */;
			buildPhases = (
				A12295CF088309FD00F73BE7 /* CopyFiles */,
				A12295DA088309FD00F73BE7 /* Headers */,
				A12295DC088309FD00F73BE7 /* Resources */,
				A12295DF088309FD00F73BE7 /* Sources */,
				A12295E2088309FD00F73BE7 /* Frameworks */,
				A12295E6088309FD00F73BE7 /* CopyFiles */,
			);
			buildRules = (
			);
			dependencies = (
			);
			name = DVHSCap;
			productInstallPath = /Developer/Applications/FireWire;
			productName = DVHSCap;
			productReference = A12295ED088309FE00F73BE7 /* DVHSCap.app */;
			productType = "com.apple.product-type.application";
		};
/* End PBXNativeTarget section */

/* Begin PBXProject section */
		29B97313FDCFA39411CA2CEA /* Project object */ = {
			isa = PBXProject;
			buildConfigurationList = A163E4940882E8A4001F601A /* Build configuration list for PBXProject "DVHSCap" */;
			compatibilityVersion = "Xcode 2.4";
			hasScannedForEncodings = 1;
			mainGroup = 29B97314FDCFA39411CA2CEA /* DVHSCap */;
			projectDirPath = "";
			projectRoot = "";
			targets = (
				A12295CE088309FD00F73BE7 /* DVHSCap */,
			);
		};
/* End PBXProject section */

/* Begin PBXResourcesBuildPhase section */
		A12295DC088309FD00F73BE7 /* Resources */ = {
			isa = PBXResourcesBuildPhase;
			buildActionMask = 2147483647;
			files = (
				A12295DD088309FD00F73BE7 /* MainMenu.nib in Resources */,
				A12295DE088309FD00F73BE7 /* InfoPlist.strings in Resources */,
			);
			runOnlyForDeploymentPostprocessing = 0;
		};
/* End PBXResourcesBuildPhase section */

/* Begin PBXSourcesBuildPhase section */
		A12295DF088309FD00F73BE7 /* Sources */ = {
			isa = PBXSourcesBuildPhase;
			buildActionMask = 2147483647;
			files = (
				A12295E0088309FD00F73BE7 /* main.m in Sources */,
				A12295E1088309FD00F73BE7 /* DVHSCapController.mm in Sources */,
			);
			runOnlyForDeploymentPostprocessing = 0;
		};
/* End PBXSourcesBuildPhase section */

/* Begin PBXVariantGroup section */
		089C165CFE840E0CC02AAC07 /* InfoPlist.strings */ = {
			isa = PBXVariantGroup;
			children = (
				089C165DFE840E0CC02AAC07 /* English */,
			);
			name = InfoPlist.strings;
			sourceTree = "<group>";
		};
		29B97318FDCFA39411CA2CEA /* MainMenu.nib */ = {
			isa = PBXVariantGroup;
			children = (
				29B97319FDCFA39411CA2CEA /* English */,
			);
			name = MainMenu.nib;
			sourceTree = "<group>";
		};
/* End PBXVariantGroup section */

/* Begin XCBuildConfiguration section */
		A12295E9088309FD00F73BE7 /* Development */ = {
			isa = XCBuildConfiguration;
			buildSettings = {
				COPY_PHASE_STRIP = NO;
				FRAMEWORK_SEARCH_PATHS = ../Framework;
				GCC_DYNAMIC_NO_PIC = NO;
				GCC_ENABLE_FIX_AND_CONTINUE = YES;
				GCC_GENERATE_DEBUGGING_SYMBOLS = YES;
				GCC_OPTIMIZATION_LEVEL = 0;
				INFOPLIST_FILE = "Info-DVHSCap.plist";
				OTHER_CFLAGS = "";
				OTHER_LDFLAGS = "";
				PREBINDING = NO;
				PRODUCT_NAME = DVHSCap;
				SECTORDER_FLAGS = "";
				WARNING_CFLAGS = (
					"-Wmost",
					"-Wno-four-char-constants",
					"-Wno-unknown-pragmas",
				);
				WRAPPER_EXTENSION = app;
				ZERO_LINK = YES;
			};
			name = Development;
		};
		A12295EA088309FD00F73BE7 /* Deployment */ = {
			isa = XCBuildConfiguration;
			buildSettings = {
				COPY_PHASE_STRIP = YES;
				FRAMEWORK_SEARCH_PATHS = ../Framework;
				GCC_ENABLE_FIX_AND_CONTINUE = NO;
				INFOPLIST_FILE = "Info-DVHSCap.plist";
				OTHER_CFLAGS = "";
				OTHER_LDFLAGS = "";
				PREBINDING = NO;
				PRODUCT_NAME = DVHSCap;
				SECTORDER_FLAGS = "";
				WARNING_CFLAGS = (
					"-Wmost",
					"-Wno-four-char-constants",
					"-Wno-unknown-pragmas",
				);
				WRAPPER_EXTENSION = app;
				ZERO_LINK = NO;
			};
			name = Deployment;
		};
		A12295EB088309FD00F73BE7 /* Default */ = {
			isa = XCBuildConfiguration;
			buildSettings = {
				FRAMEWORK_SEARCH_PATHS = ../Framework;
				INFOPLIST_FILE = "Info-DVHSCap.plist";
				OTHER_CFLAGS = "";
				OTHER_LDFLAGS = "";
				PREBINDING = NO;
				PRODUCT_NAME = DVHSCap;
				SECTORDER_FLAGS = "";
				WARNING_CFLAGS = (
					"-Wmost",
					"-Wno-four-char-constants",
					"-Wno-unknown-pragmas",
				);
				WRAPPER_EXTENSION = app;
			};
			name = Default;
		};
		A163E4950882E8A4001F601A /* Development */ = {
			isa = XCBuildConfiguration;
			buildSettings = {
				ARCHS = (
					ppc,
					i386,
				);
				MACOSX_DEPLOYMENT_TARGET = 10.4;
				SDKROOT = /Developer/SDKs/MacOSX10.4u.sdk;
			};
			name = Development;
		};
		A163E4960882E8A4001F601A /* Deployment */ = {
			isa = XCBuildConfiguration;
			buildSettings = {
				ARCHS = (
					ppc,
					i386,
				);
				MACOSX_DEPLOYMENT_TARGET = 10.4;
				SDKROOT = /Developer/SDKs/MacOSX10.4u.sdk;
			};
			name = Deployment;
		};
		A163E4970882E8A4001F601A /* Default */ = {
			isa = XCBuildConfiguration;
			buildSettings = {
				ARCHS = (
					ppc,
					i386,
				);
				MACOSX_DEPLOYMENT_TARGET = 10.4;
				SDKROOT = /Developer/SDKs/MacOSX10.4u.sdk;
			};
			name = Default;
		};
/* End XCBuildConfiguration section */

/* Begin XCConfigurationList section */
		A12295E8088309FD00F73BE7 /* Build configuration list for PBXNativeTarget "DVHSCap" */ = {
			isa = XCConfigurationList;
			buildConfigurations = (
				A12295E9088309FD00F73BE7 /* Development */,
				A12295EA088309FD00F73BE7 /* Deployment */,
				A12295EB088309FD00F73BE7 /* Default */,
			);
			defaultConfigurationIsVisible = 0;
			defaultConfigurationName = Default;
		};
		A163E4940882E8A4001F601A /* Build configuration list for PBXProject "DVHSCap" */ = {
			isa = XCConfigurationList;
			buildConfigurations = (
				A163E4950882E8A4001F601A /* Development */,
				A163E4960882E8A4001F601A /* Deployment */,
				A163E4970882E8A4001F601A /* Default */,
			);
			defaultConfigurationIsVisible = 0;
			defaultConfigurationName = Default;
		};
/* End XCConfigurationList section */
	};
	rootObject = 29B97313FDCFA39411CA2CEA /* Project object */;
}
