// !$*UTF8*$!
{
	archiveVersion = 1;
	classes = {
	};
	objectVersion = 42;
	objects = {

/* Begin PBXBuildFile section */
		3011E61E0BE909C8007E3DAF /* FWPHYPacketListener.h in Headers */ = {isa = PBXBuildFile; fileRef = 3011E61C0BE909C8007E3DAF /* FWPHYPacketListener.h */; };
		3011E61F0BE909C8007E3DAF /* FWPHYPacketListener.m in Sources */ = {isa = PBXBuildFile; fileRef = 3011E61D0BE909C8007E3DAF /* FWPHYPacketListener.m */; };
		30F9126F0C5172AD0032B60E /* About FWAsyncTestServer.rtf in Resources */ = {isa = PBXBuildFile; fileRef = 30F9126E0C5172AD0032B60E /* About FWAsyncTestServer.rtf */; };
		7DF0226B06712D380086879C /* SelectorController.h in Headers */ = {isa = PBXBuildFile; fileRef = 1010622DFFD745617F000001 /* SelectorController.h */; };
		7DF0226C06712D380086879C /* DeviceController.h in Headers */ = {isa = PBXBuildFile; fileRef = 01495EAD00F53D987F000001 /* DeviceController.h */; };
		7DF0226D06712D380086879C /* FWDebugging.h in Headers */ = {isa = PBXBuildFile; fileRef = 011DE8CF00FBF44F7F000001 /* FWDebugging.h */; };
		7DF0227706712D380086879C /* InfoPlist.strings in Resources */ = {isa = PBXBuildFile; fileRef = 10106247FFD746707F000001 /* InfoPlist.strings */; };
		7DF0227806712D380086879C /* MainMenu.nib in Resources */ = {isa = PBXBuildFile; fileRef = 01495EB400F53FE27F000001 /* MainMenu.nib */; };
		7DF0227906712D380086879C /* DeviceWindow.nib in Resources */ = {isa = PBXBuildFile; fileRef = 01495EB600F53FE27F000001 /* DeviceWindow.nib */; };
		7DF0227C06712D380086879C /* Localizable.strings in Resources */ = {isa = PBXBuildFile; fileRef = 04CEC69A012AE81D7F000001 /* Localizable.strings */; };
		7DF0227E06712D380086879C /* main.m in Sources */ = {isa = PBXBuildFile; fileRef = 1010622CFFD745617F000001 /* main.m */; settings = {ATTRIBUTES = (); }; };
		7DF0227F06712D380086879C /* SelectorController.m in Sources */ = {isa = PBXBuildFile; fileRef = 1010622EFFD745617F000001 /* SelectorController.m */; settings = {ATTRIBUTES = (); }; };
		7DF0228006712D380086879C /* DeviceController.m in Sources */ = {isa = PBXBuildFile; fileRef = 01495EAE00F53D987F000001 /* DeviceController.m */; };
		7DF0228906712D380086879C /* Cocoa.framework in Frameworks */ = {isa = PBXBuildFile; fileRef = 1010625AFFD7481B7F000001 /* Cocoa.framework */; };
		7DF0228A06712D380086879C /* IOKit.framework in Frameworks */ = {isa = PBXBuildFile; fileRef = 77EFB5DA01C55C2B06CE233E /* IOKit.framework */; };
		7DF0228B06712D380086879C /* CoreServices.framework in Frameworks */ = {isa = PBXBuildFile; fileRef = F5E9006A02806A1B01000115 /* CoreServices.framework */; };
/* End PBXBuildFile section */

/* Begin PBXFileReference section */
		011DE8CF00FBF44F7F000001 /* FWDebugging.h */ = {isa = PBXFileReference; fileEncoding = 30; lastKnownFileType = sourcecode.c.h; path = FWDebugging.h; sourceTree = "<group>"; };
		01495EAD00F53D987F000001 /* DeviceController.h */ = {isa = PBXFileReference; fileEncoding = 30; lastKnownFileType = sourcecode.c.h; path = DeviceController.h; sourceTree = "<group>"; };
		01495EAE00F53D987F000001 /* DeviceController.m */ = {isa = PBXFileReference; fileEncoding = 30; lastKnownFileType = sourcecode.c.objc; path = DeviceController.m; sourceTree = "<group>"; };
		01495EB500F53FE27F000001 /* MainMenu.nib */ = {isa = PBXFileReference; lastKnownFileType = wrapper.nib; name = MainMenu.nib; path = English.lproj/MainMenu.nib; sourceTree = "<group>"; };
		01495EB700F53FE27F000001 /* DeviceWindow.nib */ = {isa = PBXFileReference; lastKnownFileType = wrapper.nib; name = DeviceWindow.nib; path = English.lproj/DeviceWindow.nib; sourceTree = "<group>"; };
		04CEC69B012AE81D7F000001 /* Localizable.strings */ = {isa = PBXFileReference; fileEncoding = 10; lastKnownFileType = text.plist.strings; name = Localizable.strings; path = English.lproj/Localizable.strings; sourceTree = "<group>"; };
		1010622CFFD745617F000001 /* main.m */ = {isa = PBXFileReference; fileEncoding = 30; lastKnownFileType = sourcecode.c.objc; path = main.m; sourceTree = SOURCE_ROOT; };
		1010622DFFD745617F000001 /* SelectorController.h */ = {isa = PBXFileReference; fileEncoding = 30; lastKnownFileType = sourcecode.c.h; path = SelectorController.h; sourceTree = "<group>"; };
		1010622EFFD745617F000001 /* SelectorController.m */ = {isa = PBXFileReference; fileEncoding = 30; lastKnownFileType = sourcecode.c.objc; path = SelectorController.m; sourceTree = "<group>"; };
		10106248FFD746707F000001 /* InfoPlist.strings */ = {isa = PBXFileReference; fileEncoding = 10; lastKnownFileType = text.plist.strings; name = InfoPlist.strings; path = English.lproj/InfoPlist.strings; sourceTree = "<group>"; };
		1010625AFFD7481B7F000001 /* Cocoa.framework */ = {isa = PBXFileReference; lastKnownFileType = wrapper.framework; name = Cocoa.framework; path = /System/Library/Frameworks/Cocoa.framework; sourceTree = "<absolute>"; };
		3011E61C0BE909C8007E3DAF /* FWPHYPacketListener.h */ = {isa = PBXFileReference; fileEncoding = 4; lastKnownFileType = sourcecode.c.h; path = FWPHYPacketListener.h; sourceTree = "<group>"; };
		3011E61D0BE909C8007E3DAF /* FWPHYPacketListener.m */ = {isa = PBXFileReference; fileEncoding = 4; lastKnownFileType = sourcecode.c.objc; path = FWPHYPacketListener.m; sourceTree = "<group>"; };
		30F9126E0C5172AD0032B60E /* About FWAsyncTestServer.rtf */ = {isa = PBXFileReference; lastKnownFileType = text.rtf; path = "About FWAsyncTestServer.rtf"; sourceTree = "<group>"; };
		77EFB5DA01C55C2B06CE233E /* IOKit.framework */ = {isa = PBXFileReference; lastKnownFileType = wrapper.framework; name = IOKit.framework; path = /System/Library/Frameworks/IOKit.framework; sourceTree = "<absolute>"; };
		7D57FDA60AA646F000219B1B /* FWAsyncTestServer.app */ = {isa = PBXFileReference; explicitFileType = wrapper.application; includeInIndex = 0; path = FWAsyncTestServer.app; sourceTree = BUILT_PRODUCTS_DIR; };
		7DF0228E06712D380086879C /* Info-FWAsyncTestServer.plist */ = {isa = PBXFileReference; lastKnownFileType = text.xml; path = "Info-FWAsyncTestServer.plist"; sourceTree = "<group>"; };
		F5E9006A02806A1B01000115 /* CoreServices.framework */ = {isa = PBXFileReference; lastKnownFileType = wrapper.framework; name = CoreServices.framework; path = /System/Library/Frameworks/CoreServices.framework; sourceTree = "<absolute>"; };
/* End PBXFileReference section */

/* Begin PBXFrameworksBuildPhase section */
		7DF0228806712D380086879C /* Frameworks */ = {
			isa = PBXFrameworksBuildPhase;
			buildActionMask = 2147483647;
			files = (
				7DF0228906712D380086879C /* Cocoa.framework in Frameworks */,
				7DF0228A06712D380086879C /* IOKit.framework in Frameworks */,
				7DF0228B06712D380086879C /* CoreServices.framework in Frameworks */,
			);
			runOnlyForDeploymentPostprocessing = 0;
		};
/* End PBXFrameworksBuildPhase section */

/* Begin PBXGroup section */
		10106216FFD741897F000001 = {
			isa = PBXGroup;
			children = (
				30F9126E0C5172AD0032B60E /* About FWAsyncTestServer.rtf */,
				308D1EC20C3338950076F6E6 /* Support */,
				F5A043D8048D31400100012D /* Application */,
				F5A043D7048D311F0100012D /* DeviceContoller */,
				10106246FFD746707F000001 /* Resources */,
				7D40E14E0671435200800E48 /* Frameworks */,
				7DF0228E06712D380086879C /* Info-FWAsyncTestServer.plist */,
				7D57FDA60AA646F000219B1B /* FWAsyncTestServer.app */,
			);
			sourceTree = "<group>";
		};
		10106246FFD746707F000001 /* Resources */ = {
			isa = PBXGroup;
			children = (
				10106247FFD746707F000001 /* InfoPlist.strings */,
				04CEC69A012AE81D7F000001 /* Localizable.strings */,
				01495EB400F53FE27F000001 /* MainMenu.nib */,
				01495EB600F53FE27F000001 /* DeviceWindow.nib */,
			);
			name = Resources;
			sourceTree = "<group>";
		};
		308D1EC20C3338950076F6E6 /* Support */ = {
			isa = PBXGroup;
			children = (
				011DE8CF00FBF44F7F000001 /* FWDebugging.h */,
				3011E61C0BE909C8007E3DAF /* FWPHYPacketListener.h */,
				3011E61D0BE909C8007E3DAF /* FWPHYPacketListener.m */,
			);
			name = Support;
			sourceTree = "<group>";
		};
		7D40E14E0671435200800E48 /* Frameworks */ = {
			isa = PBXGroup;
			children = (
				F5E9006A02806A1B01000115 /* CoreServices.framework */,
				1010625AFFD7481B7F000001 /* Cocoa.framework */,
				77EFB5DA01C55C2B06CE233E /* IOKit.framework */,
			);
			name = Frameworks;
			sourceTree = "<group>";
		};
		F5A043D7048D311F0100012D /* DeviceContoller */ = {
			isa = PBXGroup;
			children = (
				01495EAD00F53D987F000001 /* DeviceController.h */,
				01495EAE00F53D987F000001 /* DeviceController.m */,
			);
			name = DeviceContoller;
			sourceTree = "<group>";
		};
		F5A043D8048D31400100012D /* Application */ = {
			isa = PBXGroup;
			children = (
				1010622CFFD745617F000001 /* main.m */,
				1010622DFFD745617F000001 /* SelectorController.h */,
				1010622EFFD745617F000001 /* SelectorController.m */,
			);
			name = Application;
			sourceTree = "<group>";
		};
/* End PBXGroup section */

/* Begin PBXHeadersBuildPhase section */
		7DF0226A06712D380086879C /* Headers */ = {
			isa = PBXHeadersBuildPhase;
			buildActionMask = 2147483647;
			files = (
				7DF0226B06712D380086879C /* SelectorController.h in Headers */,
				7DF0226C06712D380086879C /* DeviceController.h in Headers */,
				7DF0226D06712D380086879C /* FWDebugging.h in Headers */,
				3011E61E0BE909C8007E3DAF /* FWPHYPacketListener.h in Headers */,
			);
			runOnlyForDeploymentPostprocessing = 0;
		};
/* End PBXHeadersBuildPhase section */

/* Begin PBXNativeTarget section */
		7DF0226906712D380086879C /* FWAsyncTestServer */ = {
			isa = PBXNativeTarget;
			buildConfigurationList = 7D57FDBF0AA6471300219B1B /* Build configuration list for PBXNativeTarget "FWAsyncTestServer" */;
			buildPhases = (
				7DF0226A06712D380086879C /* Headers */,
				7DF0227606712D380086879C /* Resources */,
				7DF0227D06712D380086879C /* Sources */,
				7DF0228806712D380086879C /* Frameworks */,
				7DF0228C06712D380086879C /* Rez */,
			);
			buildRules = (
			);
			dependencies = (
			);
			name = FWAsyncTestServer;
			productInstallPath = /Developer/Applications/FireWire/;
			productName = SBP2SampleApp;
			productReference = 7D57FDA60AA646F000219B1B /* FWAsyncTestServer.app */;
			productType = "com.apple.product-type.application";
		};
/* End PBXNativeTarget section */

/* Begin PBXProject section */
		10106215FFD741897F000001 /* Project object */ = {
			isa = PBXProject;
			buildConfigurationList = 7D57FDC30AA6471300219B1B /* Build configuration list for PBXProject "FWAsyncTestServer" */;
			compatibilityVersion = "Xcode 2.4";
			hasScannedForEncodings = 1;
			mainGroup = 10106216FFD741897F000001;
			productRefGroup = 10106216FFD741897F000001;
			projectDirPath = "";
			projectRoot = "";
			targets = (
				7DF0226906712D380086879C /* FWAsyncTestServer */,
			);
		};
/* End PBXProject section */

/* Begin PBXResourcesBuildPhase section */
		7DF0227606712D380086879C /* Resources */ = {
			isa = PBXResourcesBuildPhase;
			buildActionMask = 2147483647;
			files = (
				7DF0227706712D380086879C /* InfoPlist.strings in Resources */,
				7DF0227806712D380086879C /* MainMenu.nib in Resources */,
				7DF0227906712D380086879C /* DeviceWindow.nib in Resources */,
				7DF0227C06712D380086879C /* Localizable.strings in Resources */,
				30F9126F0C5172AD0032B60E /* About FWAsyncTestServer.rtf in Resources */,
			);
			runOnlyForDeploymentPostprocessing = 0;
		};
/* End PBXResourcesBuildPhase section */

/* Begin PBXRezBuildPhase section */
		7DF0228C06712D380086879C /* Rez */ = {
			isa = PBXRezBuildPhase;
			buildActionMask = 2147483647;
			files = (
			);
			runOnlyForDeploymentPostprocessing = 0;
		};
/* End PBXRezBuildPhase section */

/* Begin PBXSourcesBuildPhase section */
		7DF0227D06712D380086879C /* Sources */ = {
			isa = PBXSourcesBuildPhase;
			buildActionMask = 2147483647;
			files = (
				7DF0227E06712D380086879C /* main.m in Sources */,
				7DF0227F06712D380086879C /* SelectorController.m in Sources */,
				7DF0228006712D380086879C /* DeviceController.m in Sources */,
				3011E61F0BE909C8007E3DAF /* FWPHYPacketListener.m in Sources */,
			);
			runOnlyForDeploymentPostprocessing = 0;
		};
/* End PBXSourcesBuildPhase section */

/* Begin PBXVariantGroup section */
		01495EB400F53FE27F000001 /* MainMenu.nib */ = {
			isa = PBXVariantGroup;
			children = (
				01495EB500F53FE27F000001 /* MainMenu.nib */,
			);
			name = MainMenu.nib;
			sourceTree = "<group>";
		};
		01495EB600F53FE27F000001 /* DeviceWindow.nib */ = {
			isa = PBXVariantGroup;
			children = (
				01495EB700F53FE27F000001 /* DeviceWindow.nib */,
			);
			name = DeviceWindow.nib;
			sourceTree = "<group>";
		};
		04CEC69A012AE81D7F000001 /* Localizable.strings */ = {
			isa = PBXVariantGroup;
			children = (
				04CEC69B012AE81D7F000001 /* Localizable.strings */,
			);
			name = Localizable.strings;
			sourceTree = "<group>";
		};
		10106247FFD746707F000001 /* InfoPlist.strings */ = {
			isa = PBXVariantGroup;
			children = (
				10106248FFD746707F000001 /* InfoPlist.strings */,
			);
			name = InfoPlist.strings;
			sourceTree = "<group>";
		};
/* End PBXVariantGroup section */

/* Begin XCBuildConfiguration section */
		7D57FDC00AA6471300219B1B /* Development */ = {
			isa = XCBuildConfiguration;
			buildSettings = {
				COPY_PHASE_STRIP = NO;
				GCC_DYNAMIC_NO_PIC = NO;
				GCC_ENABLE_FIX_AND_CONTINUE = NO;
				GCC_GENERATE_DEBUGGING_SYMBOLS = YES;
				GCC_OPTIMIZATION_LEVEL = 0;
				INFOPLIST_FILE = "Info-FWAsyncTestServer.plist";
				INSTALL_PATH = "";
				OPTIMIZATION_CFLAGS = "-O0";
				OTHER_CFLAGS = "";
				OTHER_LDFLAGS = "";
				OTHER_REZFLAGS = "";
				PRODUCT_NAME = FWAsyncTestServer;
				SECTORDER_FLAGS = "";
				WARNING_CFLAGS = (
					"-Wall",
					"-Wno-four-char-constants",
					"-Wno-unknown-pragmas",
				);
				WRAPPER_EXTENSION = app;
				ZERO_LINK = NO;
			};
			name = Development;
		};
		7D57FDC10AA6471300219B1B /* Deployment */ = {
			isa = XCBuildConfiguration;
			buildSettings = {
				COPY_PHASE_STRIP = YES;
				GCC_ENABLE_FIX_AND_CONTINUE = NO;
				INFOPLIST_FILE = "Info-FWAsyncTestServer.plist";
				INSTALL_PATH = "";
				OTHER_CFLAGS = "";
				OTHER_LDFLAGS = "";
				OTHER_REZFLAGS = "";
				PRODUCT_NAME = FWAsyncTestServer;
				SECTORDER_FLAGS = "";
				WARNING_CFLAGS = (
					"-Wall",
					"-Wno-four-char-constants",
					"-Wno-unknown-pragmas",
				);
				WRAPPER_EXTENSION = app;
				ZERO_LINK = NO;
			};
			name = Deployment;
		};
		7D57FDC20AA6471300219B1B /* Default */ = {
			isa = XCBuildConfiguration;
			buildSettings = {
				INFOPLIST_FILE = "Info-FWAsyncTestServer.plist";
				INSTALL_PATH = "";
				OTHER_CFLAGS = "";
				OTHER_LDFLAGS = "";
				OTHER_REZFLAGS = "";
				PRODUCT_NAME = FWAsyncTestServer;
				SECTORDER_FLAGS = "";
				WARNING_CFLAGS = (
					"-Wall",
					"-Wno-four-char-constants",
					"-Wno-unknown-pragmas",
				);
				WRAPPER_EXTENSION = app;
			};
			name = Default;
		};
		7D57FDC40AA6471300219B1B /* Development */ = {
			isa = XCBuildConfiguration;
			buildSettings = {
				ARCHS = (
					ppc,
					i386,
				);
			};
			name = Development;
		};
		7D57FDC50AA6471300219B1B /* Deployment */ = {
			isa = XCBuildConfiguration;
			buildSettings = {
				ARCHS = (
					ppc,
					i386,
				);
			};
			name = Deployment;
		};
		7D57FDC60AA6471300219B1B /* Default */ = {
			isa = XCBuildConfiguration;
			buildSettings = {
				ARCHS = (
					ppc,
					i386,
				);
			};
			name = Default;
		};
/* End XCBuildConfiguration section */

/* Begin XCConfigurationList section */
		7D57FDBF0AA6471300219B1B /* Build configuration list for PBXNativeTarget "FWAsyncTestServer" */ = {
			isa = XCConfigurationList;
			buildConfigurations = (
				7D57FDC00AA6471300219B1B /* Development */,
				7D57FDC10AA6471300219B1B /* Deployment */,
				7D57FDC20AA6471300219B1B /* Default */,
			);
			defaultConfigurationIsVisible = 0;
			defaultConfigurationName = Default;
		};
		7D57FDC30AA6471300219B1B /* Build configuration list for PBXProject "FWAsyncTestServer" */ = {
			isa = XCConfigurationList;
			buildConfigurations = (
				7D57FDC40AA6471300219B1B /* Development */,
				7D57FDC50AA6471300219B1B /* Deployment */,
				7D57FDC60AA6471300219B1B /* Default */,
			);
			defaultConfigurationIsVisible = 0;
			defaultConfigurationName = Default;
		};
/* End XCConfigurationList section */
	};
	rootObject = 10106215FFD741897F000001 /* Project object */;
}
