// !$*UTF8*$!
{
	archiveVersion = 1;
	classes = {
	};
	objectVersion = 42;
	objects = {

/* Begin PBXBuildFile section */
		A1424991095095AC00BC513B /* FastForwardButton-Normal.tif in CopyFiles */ = {isa = PBXBuildFile; fileRef = F5F063DA03F4952701A80365 /* FastForwardButton-Normal.tif */; };
		A1424992095095AC00BC513B /* PauseButton-Hilighted-Blue.tif in CopyFiles */ = {isa = PBXBuildFile; fileRef = F5F063E303F4952701A80365 /* PauseButton-Hilighted-Blue.tif */; };
		A1424993095095AC00BC513B /* PauseButton-Normal.tif in CopyFiles */ = {isa = PBXBuildFile; fileRef = F5F063E603F4952701A80365 /* PauseButton-Normal.tif */; };
		A1424994095095AC00BC513B /* PlayButton-Normal.tif in CopyFiles */ = {isa = PBXBuildFile; fileRef = F5F063F203F4952701A80365 /* PlayButton-Normal.tif */; };
		A1424995095095AC00BC513B /* PlayButton-Running-Blue.tif in CopyFiles */ = {isa = PBXBuildFile; fileRef = F5F063F503F4952701A80365 /* PlayButton-Running-Blue.tif */; };
		A1424996095095AC00BC513B /* record-0N.tiff in CopyFiles */ = {isa = PBXBuildFile; fileRef = F5F063FC03F4952701A80365 /* record-0N.tiff */; };
		A1424997095095AC00BC513B /* record-1H.tiff in CopyFiles */ = {isa = PBXBuildFile; fileRef = F5F063FD03F4952701A80365 /* record-1H.tiff */; };
		A1424998095095AC00BC513B /* RewindButton-Normal.tif in CopyFiles */ = {isa = PBXBuildFile; fileRef = F5F0640303F4952701A80365 /* RewindButton-Normal.tif */; };
		A1424999095095AC00BC513B /* StopButton-Hilighted-Blue.tif in CopyFiles */ = {isa = PBXBuildFile; fileRef = F5F0640C03F4952701A80365 /* StopButton-Hilighted-Blue.tif */; };
		A142499A095095AC00BC513B /* StopButton-Normal.tif in CopyFiles */ = {isa = PBXBuildFile; fileRef = F5F0640F03F4952701A80365 /* StopButton-Normal.tif */; };
		A142499B095095AC00BC513B /* VirtualDVIcon.icns in CopyFiles */ = {isa = PBXBuildFile; fileRef = A13BE503054EDE5C00F0CD4B /* VirtualDVIcon.icns */; };
		A142499D095095AC00BC513B /* AVHDD.h in Headers */ = {isa = PBXBuildFile; fileRef = F58D54E502F6F0FC01CD28EA /* AVHDD.h */; };
		A142499E095095AC00BC513B /* avcTarget.h in Headers */ = {isa = PBXBuildFile; fileRef = F5786FE902F6F5F301CD28EA /* avcTarget.h */; };
		A142499F095095AC00BC513B /* PreferenceController.h in Headers */ = {isa = PBXBuildFile; fileRef = F5B9D7400301C3C101CD28EA /* PreferenceController.h */; };
		A14249A0095095AC00BC513B /* avcCommandVerboseLog.h in Headers */ = {isa = PBXBuildFile; fileRef = F5F1303E0311556C01CD2849 /* avcCommandVerboseLog.h */; };
		A14249A1095095AC00BC513B /* AVCTapeTgt.h in Headers */ = {isa = PBXBuildFile; fileRef = F5A1241A0441275501A80366 /* AVCTapeTgt.h */; };
		A14249A3095095AC00BC513B /* MainMenu.nib in Resources */ = {isa = PBXBuildFile; fileRef = 29B97318FDCFA39411CA2CEA /* MainMenu.nib */; };
		A14249A4095095AC00BC513B /* InfoPlist.strings in Resources */ = {isa = PBXBuildFile; fileRef = 089C165CFE840E0CC02AAC07 /* InfoPlist.strings */; };
		A14249A5095095AC00BC513B /* Preferences.nib in Resources */ = {isa = PBXBuildFile; fileRef = F5B9D7440301C8D201CD28EA /* Preferences.nib */; };
		A14249A7095095AC00BC513B /* main.m in Sources */ = {isa = PBXBuildFile; fileRef = 29B97316FDCFA39411CA2CEA /* main.m */; settings = {ATTRIBUTES = (); }; };
		A14249A8095095AC00BC513B /* AVHDD.mm in Sources */ = {isa = PBXBuildFile; fileRef = F58D54E602F6F0FC01CD28EA /* AVHDD.mm */; };
		A14249A9095095AC00BC513B /* avcTarget.mm in Sources */ = {isa = PBXBuildFile; fileRef = F5786FE702F6F5E701CD28EA /* avcTarget.mm */; };
		A14249AA095095AC00BC513B /* PreferenceController.mm in Sources */ = {isa = PBXBuildFile; fileRef = F5B9D7410301C3C101CD28EA /* PreferenceController.mm */; };
		A14249AB095095AC00BC513B /* avcCommandVerboseLog.mm in Sources */ = {isa = PBXBuildFile; fileRef = F5F1303F0311556C01CD2849 /* avcCommandVerboseLog.mm */; };
		A14249AC095095AC00BC513B /* AVCTapeTgt.mm in Sources */ = {isa = PBXBuildFile; fileRef = F5A1241B0441275501A80366 /* AVCTapeTgt.mm */; };
		A14249AD095095AC00BC513B /* DVTCProcessing.mm in Sources */ = {isa = PBXBuildFile; fileRef = A176404D054DAF0B00CA54DC /* DVTCProcessing.mm */; };
		A14249AF095095AC00BC513B /* Cocoa.framework in Frameworks */ = {isa = PBXBuildFile; fileRef = 1058C7A1FEA54F0111CA2CBB /* Cocoa.framework */; };
		A14249B0095095AC00BC513B /* IOKit.framework in Frameworks */ = {isa = PBXBuildFile; fileRef = F5786A5C02F6F5BA01CD28EA /* IOKit.framework */; };
		A14249B1095095AC00BC513B /* CoreFoundation.framework in Frameworks */ = {isa = PBXBuildFile; fileRef = F5786CFC02F6F5CD01CD28EA /* CoreFoundation.framework */; };
		A14249B2095095AC00BC513B /* ApplicationServices.framework in Frameworks */ = {isa = PBXBuildFile; fileRef = F5158477031AE43801CD28EB /* ApplicationServices.framework */; };
		A14249B3095095AC00BC513B /* CoreServices.framework in Frameworks */ = {isa = PBXBuildFile; fileRef = F51586DD031AEB2E01CD28EB /* CoreServices.framework */; };
		A14249B4095095AC00BC513B /* Carbon.framework in Frameworks */ = {isa = PBXBuildFile; fileRef = F594425C0380355901CD2849 /* Carbon.framework */; };
		A14249B5095095AC00BC513B /* AVCVideoServices.framework in Frameworks */ = {isa = PBXBuildFile; fileRef = A1A5FAC30538D60C009F8F0A /* AVCVideoServices.framework */; };
		A14249B7095095AC00BC513B /* AVCVideoServices.framework in CopyFiles */ = {isa = PBXBuildFile; fileRef = A1A5FAC30538D60C009F8F0A /* AVCVideoServices.framework */; };
/* End PBXBuildFile section */

/* Begin PBXCopyFilesBuildPhase section */
		A1424990095095AC00BC513B /* CopyFiles */ = {
			isa = PBXCopyFilesBuildPhase;
			buildActionMask = 2147483647;
			dstPath = "";
			dstSubfolderSpec = 7;
			files = (
				A1424991095095AC00BC513B /* FastForwardButton-Normal.tif in CopyFiles */,
				A1424992095095AC00BC513B /* PauseButton-Hilighted-Blue.tif in CopyFiles */,
				A1424993095095AC00BC513B /* PauseButton-Normal.tif in CopyFiles */,
				A1424994095095AC00BC513B /* PlayButton-Normal.tif in CopyFiles */,
				A1424995095095AC00BC513B /* PlayButton-Running-Blue.tif in CopyFiles */,
				A1424996095095AC00BC513B /* record-0N.tiff in CopyFiles */,
				A1424997095095AC00BC513B /* record-1H.tiff in CopyFiles */,
				A1424998095095AC00BC513B /* RewindButton-Normal.tif in CopyFiles */,
				A1424999095095AC00BC513B /* StopButton-Hilighted-Blue.tif in CopyFiles */,
				A142499A095095AC00BC513B /* StopButton-Normal.tif in CopyFiles */,
				A142499B095095AC00BC513B /* VirtualDVIcon.icns in CopyFiles */,
			);
			runOnlyForDeploymentPostprocessing = 0;
		};
		A14249B6095095AC00BC513B /* CopyFiles */ = {
			isa = PBXCopyFilesBuildPhase;
			buildActionMask = 2147483647;
			dstPath = "";
			dstSubfolderSpec = 10;
			files = (
				A14249B7095095AC00BC513B /* AVCVideoServices.framework in CopyFiles */,
			);
			runOnlyForDeploymentPostprocessing = 0;
		};
/* End PBXCopyFilesBuildPhase section */

/* Begin PBXFileReference section */
		089C165DFE840E0CC02AAC07 /* English */ = {isa = PBXFileReference; fileEncoding = 10; lastKnownFileType = text.plist.strings; name = English; path = English.lproj/InfoPlist.strings; sourceTree = "<group>"; };
		1058C7A1FEA54F0111CA2CBB /* Cocoa.framework */ = {isa = PBXFileReference; lastKnownFileType = wrapper.framework; name = Cocoa.framework; path = /System/Library/Frameworks/Cocoa.framework; sourceTree = "<absolute>"; };
		29B97316FDCFA39411CA2CEA /* main.m */ = {isa = PBXFileReference; fileEncoding = 30; lastKnownFileType = sourcecode.c.objc; path = main.m; sourceTree = "<group>"; };
		29B97319FDCFA39411CA2CEA /* English */ = {isa = PBXFileReference; lastKnownFileType = wrapper.nib; name = English; path = English.lproj/MainMenu.nib; sourceTree = "<group>"; };
		29B97324FDCFA39411CA2CEA /* AppKit.framework */ = {isa = PBXFileReference; lastKnownFileType = wrapper.framework; name = AppKit.framework; path = /System/Library/Frameworks/AppKit.framework; sourceTree = "<absolute>"; };
		29B97325FDCFA39411CA2CEA /* Foundation.framework */ = {isa = PBXFileReference; lastKnownFileType = wrapper.framework; name = Foundation.framework; path = /System/Library/Frameworks/Foundation.framework; sourceTree = "<absolute>"; };
		A13BE503054EDE5C00F0CD4B /* VirtualDVIcon.icns */ = {isa = PBXFileReference; lastKnownFileType = image.icns; path = VirtualDVIcon.icns; sourceTree = "<group>"; };
		A14249BC095095AC00BC513B /* Info-VirtualDV.plist */ = {isa = PBXFileReference; lastKnownFileType = text.xml; path = "Info-VirtualDV.plist"; sourceTree = "<group>"; };
		A14249BD095095AD00BC513B /* VirtualDV.app */ = {isa = PBXFileReference; includeInIndex = 0; lastKnownFileType = wrapper.application; path = VirtualDV.app; sourceTree = BUILT_PRODUCTS_DIR; };
		A176404D054DAF0B00CA54DC /* DVTCProcessing.mm */ = {isa = PBXFileReference; fileEncoding = 30; lastKnownFileType = sourcecode.cpp.objcpp; path = DVTCProcessing.mm; sourceTree = "<group>"; };
		A1A5FAC30538D60C009F8F0A /* AVCVideoServices.framework */ = {isa = PBXFileReference; lastKnownFileType = wrapper.framework; name = AVCVideoServices.framework; path = ../Framework/AVCVideoServices.framework; sourceTree = SOURCE_ROOT; };
		F5158477031AE43801CD28EB /* ApplicationServices.framework */ = {isa = PBXFileReference; lastKnownFileType = wrapper.framework; name = ApplicationServices.framework; path = /System/Library/Frameworks/ApplicationServices.framework; sourceTree = "<absolute>"; };
		F51586DD031AEB2E01CD28EB /* CoreServices.framework */ = {isa = PBXFileReference; lastKnownFileType = wrapper.framework; name = CoreServices.framework; path = /System/Library/Frameworks/CoreServices.framework; sourceTree = "<absolute>"; };
		F5786A5C02F6F5BA01CD28EA /* IOKit.framework */ = {isa = PBXFileReference; lastKnownFileType = wrapper.framework; name = IOKit.framework; path = /System/Library/Frameworks/IOKit.framework; sourceTree = "<absolute>"; };
		F5786CFC02F6F5CD01CD28EA /* CoreFoundation.framework */ = {isa = PBXFileReference; lastKnownFileType = wrapper.framework; name = CoreFoundation.framework; path = /System/Library/Frameworks/CoreFoundation.framework; sourceTree = "<absolute>"; };
		F5786FE702F6F5E701CD28EA /* avcTarget.mm */ = {isa = PBXFileReference; fileEncoding = 30; lastKnownFileType = sourcecode.cpp.objcpp; path = avcTarget.mm; sourceTree = "<group>"; };
		F5786FE902F6F5F301CD28EA /* avcTarget.h */ = {isa = PBXFileReference; fileEncoding = 30; lastKnownFileType = sourcecode.c.h; path = avcTarget.h; sourceTree = "<group>"; };
		F58D54E502F6F0FC01CD28EA /* AVHDD.h */ = {isa = PBXFileReference; fileEncoding = 30; lastKnownFileType = sourcecode.c.h; path = AVHDD.h; sourceTree = "<group>"; };
		F58D54E602F6F0FC01CD28EA /* AVHDD.mm */ = {isa = PBXFileReference; fileEncoding = 30; lastKnownFileType = sourcecode.cpp.objcpp; path = AVHDD.mm; sourceTree = "<group>"; };
		F594425C0380355901CD2849 /* Carbon.framework */ = {isa = PBXFileReference; lastKnownFileType = wrapper.framework; name = Carbon.framework; path = /System/Library/Frameworks/Carbon.framework; sourceTree = "<absolute>"; };
		F5A1241A0441275501A80366 /* AVCTapeTgt.h */ = {isa = PBXFileReference; fileEncoding = 30; lastKnownFileType = sourcecode.c.h; path = AVCTapeTgt.h; sourceTree = "<group>"; };
		F5A1241B0441275501A80366 /* AVCTapeTgt.mm */ = {isa = PBXFileReference; fileEncoding = 30; lastKnownFileType = sourcecode.cpp.objcpp; path = AVCTapeTgt.mm; sourceTree = "<group>"; };
		F5B9D7400301C3C101CD28EA /* PreferenceController.h */ = {isa = PBXFileReference; fileEncoding = 30; lastKnownFileType = sourcecode.c.h; path = PreferenceController.h; sourceTree = "<group>"; };
		F5B9D7410301C3C101CD28EA /* PreferenceController.mm */ = {isa = PBXFileReference; fileEncoding = 30; lastKnownFileType = sourcecode.cpp.objcpp; path = PreferenceController.mm; sourceTree = "<group>"; };
		F5B9D7440301C8D201CD28EA /* Preferences.nib */ = {isa = PBXFileReference; lastKnownFileType = wrapper.nib; path = Preferences.nib; sourceTree = "<group>"; };
		F5F063DA03F4952701A80365 /* FastForwardButton-Normal.tif */ = {isa = PBXFileReference; lastKnownFileType = image.tiff; path = "FastForwardButton-Normal.tif"; sourceTree = "<group>"; };
		F5F063E303F4952701A80365 /* PauseButton-Hilighted-Blue.tif */ = {isa = PBXFileReference; lastKnownFileType = image.tiff; path = "PauseButton-Hilighted-Blue.tif"; sourceTree = "<group>"; };
		F5F063E603F4952701A80365 /* PauseButton-Normal.tif */ = {isa = PBXFileReference; lastKnownFileType = image.tiff; path = "PauseButton-Normal.tif"; sourceTree = "<group>"; };
		F5F063F203F4952701A80365 /* PlayButton-Normal.tif */ = {isa = PBXFileReference; lastKnownFileType = image.tiff; path = "PlayButton-Normal.tif"; sourceTree = "<group>"; };
		F5F063F503F4952701A80365 /* PlayButton-Running-Blue.tif */ = {isa = PBXFileReference; lastKnownFileType = image.tiff; path = "PlayButton-Running-Blue.tif"; sourceTree = "<group>"; };
		F5F063FC03F4952701A80365 /* record-0N.tiff */ = {isa = PBXFileReference; lastKnownFileType = image.tiff; path = "record-0N.tiff"; sourceTree = "<group>"; };
		F5F063FD03F4952701A80365 /* record-1H.tiff */ = {isa = PBXFileReference; lastKnownFileType = image.tiff; path = "record-1H.tiff"; sourceTree = "<group>"; };
		F5F0640303F4952701A80365 /* RewindButton-Normal.tif */ = {isa = PBXFileReference; lastKnownFileType = image.tiff; path = "RewindButton-Normal.tif"; sourceTree = "<group>"; };
		F5F0640C03F4952701A80365 /* StopButton-Hilighted-Blue.tif */ = {isa = PBXFileReference; lastKnownFileType = image.tiff; path = "StopButton-Hilighted-Blue.tif"; sourceTree = "<group>"; };
		F5F0640F03F4952701A80365 /* StopButton-Normal.tif */ = {isa = PBXFileReference; lastKnownFileType = image.tiff; path = "StopButton-Normal.tif"; sourceTree = "<group>"; };
		F5F1303E0311556C01CD2849 /* avcCommandVerboseLog.h */ = {isa = PBXFileReference; fileEncoding = 30; lastKnownFileType = sourcecode.c.h; path = avcCommandVerboseLog.h; sourceTree = "<group>"; };
		F5F1303F0311556C01CD2849 /* avcCommandVerboseLog.mm */ = {isa = PBXFileReference; fileEncoding = 30; lastKnownFileType = sourcecode.cpp.objcpp; path = avcCommandVerboseLog.mm; sourceTree = "<group>"; };
/* End PBXFileReference section */

/* Begin PBXFrameworksBuildPhase section */
		A14249AE095095AC00BC513B /* Frameworks */ = {
			isa = PBXFrameworksBuildPhase;
			buildActionMask = 2147483647;
			files = (
				A14249AF095095AC00BC513B /* Cocoa.framework in Frameworks */,
				A14249B0095095AC00BC513B /* IOKit.framework in Frameworks */,
				A14249B1095095AC00BC513B /* CoreFoundation.framework in Frameworks */,
				A14249B2095095AC00BC513B /* ApplicationServices.framework in Frameworks */,
				A14249B3095095AC00BC513B /* CoreServices.framework in Frameworks */,
				A14249B4095095AC00BC513B /* Carbon.framework in Frameworks */,
				A14249B5095095AC00BC513B /* AVCVideoServices.framework in Frameworks */,
			);
			runOnlyForDeploymentPostprocessing = 0;
		};
/* End PBXFrameworksBuildPhase section */

/* Begin PBXGroup section */
		080E96DDFE201D6D7F000001 /* MainApplicationsCocoaClasses */ = {
			isa = PBXGroup;
			children = (
				F5F1303E0311556C01CD2849 /* avcCommandVerboseLog.h */,
				F5F1303F0311556C01CD2849 /* avcCommandVerboseLog.mm */,
				F5786FE702F6F5E701CD28EA /* avcTarget.mm */,
				F5786FE902F6F5F301CD28EA /* avcTarget.h */,
				F58D54E502F6F0FC01CD28EA /* AVHDD.h */,
				F58D54E602F6F0FC01CD28EA /* AVHDD.mm */,
				F5B9D7400301C3C101CD28EA /* PreferenceController.h */,
				F5B9D7410301C3C101CD28EA /* PreferenceController.mm */,
				F5A1241A0441275501A80366 /* AVCTapeTgt.h */,
				F5A1241B0441275501A80366 /* AVCTapeTgt.mm */,
				A176404D054DAF0B00CA54DC /* DVTCProcessing.mm */,
			);
			name = MainApplicationsCocoaClasses;
			sourceTree = "<group>";
		};
		1058C7A0FEA54F0111CA2CBB /* Linked Frameworks */ = {
			isa = PBXGroup;
			children = (
				1058C7A1FEA54F0111CA2CBB /* Cocoa.framework */,
			);
			name = "Linked Frameworks";
			sourceTree = "<group>";
		};
		1058C7A2FEA54F0111CA2CBB /* Other Frameworks */ = {
			isa = PBXGroup;
			children = (
				29B97325FDCFA39411CA2CEA /* Foundation.framework */,
				29B97324FDCFA39411CA2CEA /* AppKit.framework */,
			);
			name = "Other Frameworks";
			sourceTree = "<group>";
		};
		19C28FACFE9D520D11CA2CBB /* Products */ = {
			isa = PBXGroup;
			children = (
				A14249BD095095AD00BC513B /* VirtualDV.app */,
			);
			name = Products;
			sourceTree = "<group>";
		};
		29B97314FDCFA39411CA2CEA /* AVCDisc */ = {
			isa = PBXGroup;
			children = (
				080E96DDFE201D6D7F000001 /* MainApplicationsCocoaClasses */,
				29B97315FDCFA39411CA2CEA /* Other Sources */,
				29B97317FDCFA39411CA2CEA /* Resources */,
				29B97323FDCFA39411CA2CEA /* Frameworks */,
				19C28FACFE9D520D11CA2CBB /* Products */,
				A14249BC095095AC00BC513B /* Info-VirtualDV.plist */,
			);
			name = AVCDisc;
			sourceTree = "<group>";
		};
		29B97315FDCFA39411CA2CEA /* Other Sources */ = {
			isa = PBXGroup;
			children = (
				29B97316FDCFA39411CA2CEA /* main.m */,
			);
			name = "Other Sources";
			sourceTree = "<group>";
		};
		29B97317FDCFA39411CA2CEA /* Resources */ = {
			isa = PBXGroup;
			children = (
				F5F063D403F4952701A80365 /* TransportControlButtonImages */,
				F5B9D7440301C8D201CD28EA /* Preferences.nib */,
				29B97318FDCFA39411CA2CEA /* MainMenu.nib */,
				089C165CFE840E0CC02AAC07 /* InfoPlist.strings */,
				A13BE503054EDE5C00F0CD4B /* VirtualDVIcon.icns */,
			);
			name = Resources;
			sourceTree = "<group>";
		};
		29B97323FDCFA39411CA2CEA /* Frameworks */ = {
			isa = PBXGroup;
			children = (
				1058C7A0FEA54F0111CA2CBB /* Linked Frameworks */,
				1058C7A2FEA54F0111CA2CBB /* Other Frameworks */,
				F5786A5C02F6F5BA01CD28EA /* IOKit.framework */,
				F5786CFC02F6F5CD01CD28EA /* CoreFoundation.framework */,
				F5158477031AE43801CD28EB /* ApplicationServices.framework */,
				F51586DD031AEB2E01CD28EB /* CoreServices.framework */,
				F594425C0380355901CD2849 /* Carbon.framework */,
				A1A5FAC30538D60C009F8F0A /* AVCVideoServices.framework */,
			);
			name = Frameworks;
			sourceTree = "<group>";
		};
		F5F063D403F4952701A80365 /* TransportControlButtonImages */ = {
			isa = PBXGroup;
			children = (
				F5F063DA03F4952701A80365 /* FastForwardButton-Normal.tif */,
				F5F063E303F4952701A80365 /* PauseButton-Hilighted-Blue.tif */,
				F5F063E603F4952701A80365 /* PauseButton-Normal.tif */,
				F5F063F203F4952701A80365 /* PlayButton-Normal.tif */,
				F5F063F503F4952701A80365 /* PlayButton-Running-Blue.tif */,
				F5F063FC03F4952701A80365 /* record-0N.tiff */,
				F5F063FD03F4952701A80365 /* record-1H.tiff */,
				F5F0640303F4952701A80365 /* RewindButton-Normal.tif */,
				F5F0640C03F4952701A80365 /* StopButton-Hilighted-Blue.tif */,
				F5F0640F03F4952701A80365 /* StopButton-Normal.tif */,
			);
			path = TransportControlButtonImages;
			sourceTree = "<group>";
		};
/* End PBXGroup section */

/* Begin PBXHeadersBuildPhase section */
		A142499C095095AC00BC513B /* Headers */ = {
			isa = PBXHeadersBuildPhase;
			buildActionMask = 2147483647;
			files = (
				A142499D095095AC00BC513B /* AVHDD.h in Headers */,
				A142499E095095AC00BC513B /* avcTarget.h in Headers */,
				A142499F095095AC00BC513B /* PreferenceController.h in Headers */,
				A14249A0095095AC00BC513B /* avcCommandVerboseLog.h in Headers */,
				A14249A1095095AC00BC513B /* AVCTapeTgt.h in Headers */,
			);
			runOnlyForDeploymentPostprocessing = 0;
		};
/* End PBXHeadersBuildPhase section */

/* Begin PBXNativeTarget section */
		A142498F095095AC00BC513B /* VirtualDV */ = {
			isa = PBXNativeTarget;
			buildConfigurationList = A14249B8095095AC00BC513B /* Build configuration list for PBXNativeTarget "VirtualDV" */;
			buildPhases = (
				A1424990095095AC00BC513B /* CopyFiles */,
				A142499C095095AC00BC513B /* Headers */,
				A14249A2095095AC00BC513B /* Resources */,
				A14249A6095095AC00BC513B /* Sources */,
				A14249AE095095AC00BC513B /* Frameworks */,
				A14249B6095095AC00BC513B /* CopyFiles */,
			);
			buildRules = (
			);
			dependencies = (
			);
			name = VirtualDV;
			productInstallPath = /Developer/Applications/FireWire;
			productName = AVCDisc;
			productReference = A14249BD095095AD00BC513B /* VirtualDV.app */;
			productType = "com.apple.product-type.application";
		};
/* End PBXNativeTarget section */

/* Begin PBXProject section */
		29B97313FDCFA39411CA2CEA /* Project object */ = {
			isa = PBXProject;
			buildConfigurationList = A178CB56095093AB0058297A /* Build configuration list for PBXProject "VirtualDV" */;
			hasScannedForEncodings = 1;
			mainGroup = 29B97314FDCFA39411CA2CEA /* AVCDisc */;
			projectDirPath = "";
			targets = (
				A142498F095095AC00BC513B /* VirtualDV */,
			);
		};
/* End PBXProject section */

/* Begin PBXResourcesBuildPhase section */
		A14249A2095095AC00BC513B /* Resources */ = {
			isa = PBXResourcesBuildPhase;
			buildActionMask = 2147483647;
			files = (
				A14249A3095095AC00BC513B /* MainMenu.nib in Resources */,
				A14249A4095095AC00BC513B /* InfoPlist.strings in Resources */,
				A14249A5095095AC00BC513B /* Preferences.nib in Resources */,
			);
			runOnlyForDeploymentPostprocessing = 0;
		};
/* End PBXResourcesBuildPhase section */

/* Begin PBXSourcesBuildPhase section */
		A14249A6095095AC00BC513B /* Sources */ = {
			isa = PBXSourcesBuildPhase;
			buildActionMask = 2147483647;
			files = (
				A14249A7095095AC00BC513B /* main.m in Sources */,
				A14249A8095095AC00BC513B /* AVHDD.mm in Sources */,
				A14249A9095095AC00BC513B /* avcTarget.mm in Sources */,
				A14249AA095095AC00BC513B /* PreferenceController.mm in Sources */,
				A14249AB095095AC00BC513B /* avcCommandVerboseLog.mm in Sources */,
				A14249AC095095AC00BC513B /* AVCTapeTgt.mm in Sources */,
				A14249AD095095AC00BC513B /* DVTCProcessing.mm in Sources */,
			);
			runOnlyForDeploymentPostprocessing = 0;
		};
/* End PBXSourcesBuildPhase section */

/* Begin PBXVariantGroup section */
		089C165CFE840E0CC02AAC07 /* InfoPlist.strings */ = {
			isa = PBXVariantGroup;
			children = (
				089C165DFE840E0CC02AAC07 /* English */,
			);
			name = InfoPlist.strings;
			sourceTree = "<group>";
		};
		29B97318FDCFA39411CA2CEA /* MainMenu.nib */ = {
			isa = PBXVariantGroup;
			children = (
				29B97319FDCFA39411CA2CEA /* English */,
			);
			name = MainMenu.nib;
			sourceTree = "<group>";
		};
/* End PBXVariantGroup section */

/* Begin XCBuildConfiguration section */
		A14249B9095095AC00BC513B /* Development */ = {
			isa = XCBuildConfiguration;
			buildSettings = {
				COPY_PHASE_STRIP = NO;
				FRAMEWORK_SEARCH_PATHS = ../Framework;
				GCC_DYNAMIC_NO_PIC = NO;
				GCC_ENABLE_FIX_AND_CONTINUE = YES;
				GCC_GENERATE_DEBUGGING_SYMBOLS = YES;
				GCC_OPTIMIZATION_LEVEL = 0;
				GCC_PREPROCESSOR_DEFINITIONS = CARBON_BUILD;
				INFOPLIST_FILE = "Info-VirtualDV.plist";
				OTHER_CFLAGS = "";
				OTHER_LDFLAGS = "";
				PREBINDING = NO;
				PRODUCT_NAME = VirtualDV;
				SECTORDER_FLAGS = "";
				WARNING_CFLAGS = (
					"-Wmost",
					"-Wno-four-char-constants",
					"-Wno-unknown-pragmas",
				);
				WRAPPER_EXTENSION = app;
				ZERO_LINK = YES;
			};
			name = Development;
		};
		A14249BA095095AC00BC513B /* Deployment */ = {
			isa = XCBuildConfiguration;
			buildSettings = {
				COPY_PHASE_STRIP = YES;
				FRAMEWORK_SEARCH_PATHS = ../Framework;
				GCC_ENABLE_FIX_AND_CONTINUE = NO;
				GCC_PREPROCESSOR_DEFINITIONS = CARBON_BUILD;
				INFOPLIST_FILE = "Info-VirtualDV.plist";
				INSTALL_PATH = /Developer/Applications/FireWire;
				OTHER_CFLAGS = "";
				OTHER_LDFLAGS = "";
				PREBINDING = NO;
				PRODUCT_NAME = VirtualDV;
				SECTORDER_FLAGS = "";
				WARNING_CFLAGS = (
					"-Wmost",
					"-Wno-four-char-constants",
					"-Wno-unknown-pragmas",
				);
				WRAPPER_EXTENSION = app;
				ZERO_LINK = NO;
			};
			name = Deployment;
		};
		A14249BB095095AC00BC513B /* Default */ = {
			isa = XCBuildConfiguration;
			buildSettings = {
				FRAMEWORK_SEARCH_PATHS = ../Framework;
				GCC_PREPROCESSOR_DEFINITIONS = CARBON_BUILD;
				INFOPLIST_FILE = "Info-VirtualDV.plist";
				INSTALL_PATH = /Developer/Applications/FireWire;
				OTHER_CFLAGS = "";
				OTHER_LDFLAGS = "";
				PREBINDING = NO;
				PRODUCT_NAME = VirtualDV;
				SECTORDER_FLAGS = "";
				WARNING_CFLAGS = (
					"-Wmost",
					"-Wno-four-char-constants",
					"-Wno-unknown-pragmas",
				);
				WRAPPER_EXTENSION = app;
			};
			name = Default;
		};
		A178CB57095093AB0058297A /* Development */ = {
			isa = XCBuildConfiguration;
			buildSettings = {
				ARCHS = (
					ppc,
					i386,
				);
				MACOSX_DEPLOYMENT_TARGET = 10.4;
				SDKROOT = /Developer/SDKs/MacOSX10.4u.sdk;
			};
			name = Development;
		};
		A178CB58095093AB0058297A /* Deployment */ = {
			isa = XCBuildConfiguration;
			buildSettings = {
				ARCHS = (
					ppc,
					i386,
				);
				MACOSX_DEPLOYMENT_TARGET = 10.4;
				SDKROOT = /Developer/SDKs/MacOSX10.4u.sdk;
			};
			name = Deployment;
		};
		A178CB59095093AB0058297A /* Default */ = {
			isa = XCBuildConfiguration;
			buildSettings = {
				ARCHS = (
					ppc,
					i386,
				);
				MACOSX_DEPLOYMENT_TARGET = 10.4;
				SDKROOT = /Developer/SDKs/MacOSX10.4u.sdk;
			};
			name = Default;
		};
/* End XCBuildConfiguration section */

/* Begin XCConfigurationList section */
		A14249B8095095AC00BC513B /* Build configuration list for PBXNativeTarget "VirtualDV" */ = {
			isa = XCConfigurationList;
			buildConfigurations = (
				A14249B9095095AC00BC513B /* Development */,
				A14249BA095095AC00BC513B /* Deployment */,
				A14249BB095095AC00BC513B /* Default */,
			);
			defaultConfigurationIsVisible = 0;
			defaultConfigurationName = Default;
		};
		A178CB56095093AB0058297A /* Build configuration list for PBXProject "VirtualDV" */ = {
			isa = XCConfigurationList;
			buildConfigurations = (
				A178CB57095093AB0058297A /* Development */,
				A178CB58095093AB0058297A /* Deployment */,
				A178CB59095093AB0058297A /* Default */,
			);
			defaultConfigurationIsVisible = 0;
			defaultConfigurationName = Default;
		};
/* End XCConfigurationList section */
	};
	rootObject = 29B97313FDCFA39411CA2CEA /* Project object */;
}
