// !$*UTF8*$!
{
	archiveVersion = 1;
	classes = {
	};
	objectVersion = 42;
	objects = {

/* Begin PBXBuildFile section */
		8D11072A0486CEB800E47090 /* MainMenu.nib in Resources */ = {isa = PBXBuildFile; fileRef = 29B97318FDCFA39411CA2CEA /* MainMenu.nib */; };
		8D11072B0486CEB800E47090 /* InfoPlist.strings in Resources */ = {isa = PBXBuildFile; fileRef = 089C165CFE840E0CC02AAC07 /* InfoPlist.strings */; };
		8D11072D0486CEB800E47090 /* main.m in Sources */ = {isa = PBXBuildFile; fileRef = 29B97316FDCFA39411CA2CEA /* main.m */; settings = {ATTRIBUTES = (); }; };
		8D11072F0486CEB800E47090 /* Cocoa.framework in Frameworks */ = {isa = PBXBuildFile; fileRef = 1058C7A1FEA54F0111CA2CBB /* Cocoa.framework */; };
		A10E621508468EB200D1BAB3 /* VDVHSApplication.mm in Sources */ = {isa = PBXBuildFile; fileRef = A10E621308468EB200D1BAB3 /* VDVHSApplication.mm */; };
		A10E62390846919600D1BAB3 /* Info.plist in Resources */ = {isa = PBXBuildFile; fileRef = 8D1107310486CEB800E47090 /* Info.plist */; };
		A12A15E9074D659B0020C1D3 /* writeProtectOff.tif in Resources */ = {isa = PBXBuildFile; fileRef = A12A15E7074D659B0020C1D3 /* writeProtectOff.tif */; };
		A12A15EA074D659B0020C1D3 /* writeProtectOn.tif in Resources */ = {isa = PBXBuildFile; fileRef = A12A15E8074D659B0020C1D3 /* writeProtectOn.tif */; };
		A150B872074AAC4B0062E7FE /* NaviCreatorController.h in Resources */ = {isa = PBXBuildFile; fileRef = A150B870074AAC4B0062E7FE /* NaviCreatorController.h */; };
		A150B873074AAC4B0062E7FE /* NaviCreatorController.mm in Sources */ = {isa = PBXBuildFile; fileRef = A150B871074AAC4B0062E7FE /* NaviCreatorController.mm */; };
		A19E2ED7074C81960024417F /* InOffOutOff.tif in Resources */ = {isa = PBXBuildFile; fileRef = A19E2ED3074C81960024417F /* InOffOutOff.tif */; };
		A19E2ED8074C81960024417F /* InOffOutOn.tif in Resources */ = {isa = PBXBuildFile; fileRef = A19E2ED4074C81960024417F /* InOffOutOn.tif */; };
		A19E2ED9074C81960024417F /* InOnOutOff.tif in Resources */ = {isa = PBXBuildFile; fileRef = A19E2ED5074C81960024417F /* InOnOutOff.tif */; };
		A19E2EDA074C81960024417F /* InOnOutOn.tif in Resources */ = {isa = PBXBuildFile; fileRef = A19E2ED6074C81960024417F /* InOnOutOn.tif */; };
		A1AB6EE30846A565002AD83F /* VirtualDVHS.scriptSuite in Resources */ = {isa = PBXBuildFile; fileRef = A1AB6EE10846A565002AD83F /* VirtualDVHS.scriptSuite */; };
		A1AB6EE40846A565002AD83F /* VirtualDVHS.scriptTerminology in Resources */ = {isa = PBXBuildFile; fileRef = A1AB6EE20846A565002AD83F /* VirtualDVHS.scriptTerminology */; };
		A1B15A13074D415F00EA1939 /* num0.tif in Resources */ = {isa = PBXBuildFile; fileRef = A1B15A07074D415F00EA1939 /* num0.tif */; };
		A1B15A14074D415F00EA1939 /* num1.tif in Resources */ = {isa = PBXBuildFile; fileRef = A1B15A08074D415F00EA1939 /* num1.tif */; };
		A1B15A15074D415F00EA1939 /* num2.tif in Resources */ = {isa = PBXBuildFile; fileRef = A1B15A09074D415F00EA1939 /* num2.tif */; };
		A1B15A16074D415F00EA1939 /* num3.tif in Resources */ = {isa = PBXBuildFile; fileRef = A1B15A0A074D415F00EA1939 /* num3.tif */; };
		A1B15A17074D415F00EA1939 /* num4.tif in Resources */ = {isa = PBXBuildFile; fileRef = A1B15A0B074D415F00EA1939 /* num4.tif */; };
		A1B15A18074D415F00EA1939 /* num5.tif in Resources */ = {isa = PBXBuildFile; fileRef = A1B15A0C074D415F00EA1939 /* num5.tif */; };
		A1B15A19074D415F00EA1939 /* num6.tif in Resources */ = {isa = PBXBuildFile; fileRef = A1B15A0D074D415F00EA1939 /* num6.tif */; };
		A1B15A1A074D415F00EA1939 /* num7.tif in Resources */ = {isa = PBXBuildFile; fileRef = A1B15A0E074D415F00EA1939 /* num7.tif */; };
		A1B15A1B074D415F00EA1939 /* num8.tif in Resources */ = {isa = PBXBuildFile; fileRef = A1B15A0F074D415F00EA1939 /* num8.tif */; };
		A1B15A1C074D415F00EA1939 /* num9.tif in Resources */ = {isa = PBXBuildFile; fileRef = A1B15A10074D415F00EA1939 /* num9.tif */; };
		A1B15A1D074D415F00EA1939 /* numColon.tif in Resources */ = {isa = PBXBuildFile; fileRef = A1B15A11074D415F00EA1939 /* numColon.tif */; };
		A1B15A1E074D415F00EA1939 /* timeBackground.tif in Resources */ = {isa = PBXBuildFile; fileRef = A1B15A12074D415F00EA1939 /* timeBackground.tif */; };
		A1B20EA5074CF5390069734C /* background.tif in Resources */ = {isa = PBXBuildFile; fileRef = A1B20EA4074CF5390069734C /* background.tif */; };
		A1B281D20746B60000CC2FF4 /* AVCVideoServices.framework in Frameworks */ = {isa = PBXBuildFile; fileRef = A1B281D10746B60000CC2FF4 /* AVCVideoServices.framework */; };
		A1B281D60746B62800CC2FF4 /* AVCVideoServices.framework in CopyFiles */ = {isa = PBXBuildFile; fileRef = A1B281D10746B60000CC2FF4 /* AVCVideoServices.framework */; };
		A1B9B6B1074AADA000305006 /* NaviCreator.nib in Resources */ = {isa = PBXBuildFile; fileRef = A1B9B6B0074AADA000305006 /* NaviCreator.nib */; };
		A1E6ED840746B0D5009CB5AF /* VirtualDVHSController.h in Resources */ = {isa = PBXBuildFile; fileRef = A1E6ED820746B0D5009CB5AF /* VirtualDVHSController.h */; };
		A1E6ED850746B0D5009CB5AF /* VirtualDVHSController.mm in Sources */ = {isa = PBXBuildFile; fileRef = A1E6ED830746B0D5009CB5AF /* VirtualDVHSController.mm */; };
		A1E8A0A9074AAA2D00ECB12E /* AVCDiscIcon.icns in Resources */ = {isa = PBXBuildFile; fileRef = A1E8A0A8074AAA2D00ECB12E /* AVCDiscIcon.icns */; };
		A1EEAB71074AF93A00A51159 /* FastForwardButton-Normal.tif in Resources */ = {isa = PBXBuildFile; fileRef = A1EEAB67074AF93A00A51159 /* FastForwardButton-Normal.tif */; };
		A1EEAB72074AF93A00A51159 /* PauseButton-Hilighted-Blue.tif in Resources */ = {isa = PBXBuildFile; fileRef = A1EEAB68074AF93A00A51159 /* PauseButton-Hilighted-Blue.tif */; };
		A1EEAB73074AF93A00A51159 /* PauseButton-Normal.tif in Resources */ = {isa = PBXBuildFile; fileRef = A1EEAB69074AF93A00A51159 /* PauseButton-Normal.tif */; };
		A1EEAB74074AF93A00A51159 /* PlayButton-Normal.tif in Resources */ = {isa = PBXBuildFile; fileRef = A1EEAB6A074AF93A00A51159 /* PlayButton-Normal.tif */; };
		A1EEAB75074AF93A00A51159 /* PlayButton-Running-Blue.tif in Resources */ = {isa = PBXBuildFile; fileRef = A1EEAB6B074AF93A00A51159 /* PlayButton-Running-Blue.tif */; };
		A1EEAB76074AF93A00A51159 /* record-0N.tiff in Resources */ = {isa = PBXBuildFile; fileRef = A1EEAB6C074AF93A00A51159 /* record-0N.tiff */; };
		A1EEAB77074AF93A00A51159 /* record-1H.tiff in Resources */ = {isa = PBXBuildFile; fileRef = A1EEAB6D074AF93A00A51159 /* record-1H.tiff */; };
		A1EEAB78074AF93A00A51159 /* RewindButton-Normal.tif in Resources */ = {isa = PBXBuildFile; fileRef = A1EEAB6E074AF93A00A51159 /* RewindButton-Normal.tif */; };
		A1EEAB79074AF93A00A51159 /* StopButton-Hilighted-Blue.tif in Resources */ = {isa = PBXBuildFile; fileRef = A1EEAB6F074AF93A00A51159 /* StopButton-Hilighted-Blue.tif */; };
		A1EEAB7A074AF93A00A51159 /* StopButton-Normal.tif in Resources */ = {isa = PBXBuildFile; fileRef = A1EEAB70074AF93A00A51159 /* StopButton-Normal.tif */; };
/* End PBXBuildFile section */

/* Begin PBXCopyFilesBuildPhase section */
		A1B281D50746B61A00CC2FF4 /* CopyFiles */ = {
			isa = PBXCopyFilesBuildPhase;
			buildActionMask = 2147483647;
			dstPath = "";
			dstSubfolderSpec = 10;
			files = (
				A1B281D60746B62800CC2FF4 /* AVCVideoServices.framework in CopyFiles */,
			);
			runOnlyForDeploymentPostprocessing = 0;
		};
/* End PBXCopyFilesBuildPhase section */

/* Begin PBXFileReference section */
		089C165DFE840E0CC02AAC07 /* English */ = {isa = PBXFileReference; fileEncoding = 10; lastKnownFileType = text.plist.strings; name = English; path = English.lproj/InfoPlist.strings; sourceTree = "<group>"; };
		1058C7A1FEA54F0111CA2CBB /* Cocoa.framework */ = {isa = PBXFileReference; lastKnownFileType = wrapper.framework; name = Cocoa.framework; path = /System/Library/Frameworks/Cocoa.framework; sourceTree = "<absolute>"; };
		29B97316FDCFA39411CA2CEA /* main.m */ = {isa = PBXFileReference; fileEncoding = 4; lastKnownFileType = sourcecode.c.objc; path = main.m; sourceTree = "<group>"; };
		29B97319FDCFA39411CA2CEA /* English */ = {isa = PBXFileReference; lastKnownFileType = wrapper.nib; name = English; path = English.lproj/MainMenu.nib; sourceTree = "<group>"; };
		29B97324FDCFA39411CA2CEA /* AppKit.framework */ = {isa = PBXFileReference; lastKnownFileType = wrapper.framework; name = AppKit.framework; path = /System/Library/Frameworks/AppKit.framework; sourceTree = "<absolute>"; };
		29B97325FDCFA39411CA2CEA /* Foundation.framework */ = {isa = PBXFileReference; lastKnownFileType = wrapper.framework; name = Foundation.framework; path = /System/Library/Frameworks/Foundation.framework; sourceTree = "<absolute>"; };
		32CA4F630368D1EE00C91783 /* VirtualDVHS_Prefix.pch */ = {isa = PBXFileReference; fileEncoding = 4; lastKnownFileType = sourcecode.c.h; path = VirtualDVHS_Prefix.pch; sourceTree = "<group>"; };
		8D1107310486CEB800E47090 /* Info.plist */ = {isa = PBXFileReference; fileEncoding = 4; lastKnownFileType = text.plist; path = Info.plist; sourceTree = "<group>"; };
		8D1107320486CEB800E47090 /* VirtualDVHS.app */ = {isa = PBXFileReference; includeInIndex = 0; lastKnownFileType = wrapper.application; path = VirtualDVHS.app; sourceTree = BUILT_PRODUCTS_DIR; };
		A10E621208468EB200D1BAB3 /* VDVHSApplication.h */ = {isa = PBXFileReference; fileEncoding = 4; lastKnownFileType = sourcecode.c.h; path = VDVHSApplication.h; sourceTree = "<group>"; };
		A10E621308468EB200D1BAB3 /* VDVHSApplication.mm */ = {isa = PBXFileReference; fileEncoding = 4; lastKnownFileType = sourcecode.cpp.objcpp; path = VDVHSApplication.mm; sourceTree = "<group>"; };
		A12A15E7074D659B0020C1D3 /* writeProtectOff.tif */ = {isa = PBXFileReference; lastKnownFileType = image.tiff; path = writeProtectOff.tif; sourceTree = "<group>"; };
		A12A15E8074D659B0020C1D3 /* writeProtectOn.tif */ = {isa = PBXFileReference; lastKnownFileType = image.tiff; path = writeProtectOn.tif; sourceTree = "<group>"; };
		A150B870074AAC4B0062E7FE /* NaviCreatorController.h */ = {isa = PBXFileReference; fileEncoding = 30; lastKnownFileType = sourcecode.c.h; path = NaviCreatorController.h; sourceTree = "<group>"; };
		A150B871074AAC4B0062E7FE /* NaviCreatorController.mm */ = {isa = PBXFileReference; fileEncoding = 30; lastKnownFileType = sourcecode.cpp.objcpp; path = NaviCreatorController.mm; sourceTree = "<group>"; };
		A19E2ED3074C81960024417F /* InOffOutOff.tif */ = {isa = PBXFileReference; lastKnownFileType = image.tiff; path = InOffOutOff.tif; sourceTree = "<group>"; };
		A19E2ED4074C81960024417F /* InOffOutOn.tif */ = {isa = PBXFileReference; lastKnownFileType = image.tiff; path = InOffOutOn.tif; sourceTree = "<group>"; };
		A19E2ED5074C81960024417F /* InOnOutOff.tif */ = {isa = PBXFileReference; lastKnownFileType = image.tiff; path = InOnOutOff.tif; sourceTree = "<group>"; };
		A19E2ED6074C81960024417F /* InOnOutOn.tif */ = {isa = PBXFileReference; lastKnownFileType = image.tiff; path = InOnOutOn.tif; sourceTree = "<group>"; };
		A1AB6EE10846A565002AD83F /* VirtualDVHS.scriptSuite */ = {isa = PBXFileReference; fileEncoding = 30; lastKnownFileType = text.xml; path = VirtualDVHS.scriptSuite; sourceTree = "<group>"; };
		A1AB6EE20846A565002AD83F /* VirtualDVHS.scriptTerminology */ = {isa = PBXFileReference; fileEncoding = 30; lastKnownFileType = text.xml; path = VirtualDVHS.scriptTerminology; sourceTree = "<group>"; };
		A1B15A07074D415F00EA1939 /* num0.tif */ = {isa = PBXFileReference; lastKnownFileType = image.tiff; path = num0.tif; sourceTree = "<group>"; };
		A1B15A08074D415F00EA1939 /* num1.tif */ = {isa = PBXFileReference; lastKnownFileType = image.tiff; path = num1.tif; sourceTree = "<group>"; };
		A1B15A09074D415F00EA1939 /* num2.tif */ = {isa = PBXFileReference; lastKnownFileType = image.tiff; path = num2.tif; sourceTree = "<group>"; };
		A1B15A0A074D415F00EA1939 /* num3.tif */ = {isa = PBXFileReference; lastKnownFileType = image.tiff; path = num3.tif; sourceTree = "<group>"; };
		A1B15A0B074D415F00EA1939 /* num4.tif */ = {isa = PBXFileReference; lastKnownFileType = image.tiff; path = num4.tif; sourceTree = "<group>"; };
		A1B15A0C074D415F00EA1939 /* num5.tif */ = {isa = PBXFileReference; lastKnownFileType = image.tiff; path = num5.tif; sourceTree = "<group>"; };
		A1B15A0D074D415F00EA1939 /* num6.tif */ = {isa = PBXFileReference; lastKnownFileType = image.tiff; path = num6.tif; sourceTree = "<group>"; };
		A1B15A0E074D415F00EA1939 /* num7.tif */ = {isa = PBXFileReference; lastKnownFileType = image.tiff; path = num7.tif; sourceTree = "<group>"; };
		A1B15A0F074D415F00EA1939 /* num8.tif */ = {isa = PBXFileReference; lastKnownFileType = image.tiff; path = num8.tif; sourceTree = "<group>"; };
		A1B15A10074D415F00EA1939 /* num9.tif */ = {isa = PBXFileReference; lastKnownFileType = image.tiff; path = num9.tif; sourceTree = "<group>"; };
		A1B15A11074D415F00EA1939 /* numColon.tif */ = {isa = PBXFileReference; lastKnownFileType = image.tiff; path = numColon.tif; sourceTree = "<group>"; };
		A1B15A12074D415F00EA1939 /* timeBackground.tif */ = {isa = PBXFileReference; lastKnownFileType = image.tiff; path = timeBackground.tif; sourceTree = "<group>"; };
		A1B20EA4074CF5390069734C /* background.tif */ = {isa = PBXFileReference; lastKnownFileType = image.tiff; path = background.tif; sourceTree = "<group>"; };
		A1B281D10746B60000CC2FF4 /* AVCVideoServices.framework */ = {isa = PBXFileReference; lastKnownFileType = wrapper.framework; name = AVCVideoServices.framework; path = ../Framework/AVCVideoServices.framework; sourceTree = "<group>"; };
		A1B9B6B0074AADA000305006 /* NaviCreator.nib */ = {isa = PBXFileReference; lastKnownFileType = wrapper.nib; path = NaviCreator.nib; sourceTree = "<group>"; };
		A1E6ED820746B0D5009CB5AF /* VirtualDVHSController.h */ = {isa = PBXFileReference; fileEncoding = 4; lastKnownFileType = sourcecode.c.h; path = VirtualDVHSController.h; sourceTree = "<group>"; };
		A1E6ED830746B0D5009CB5AF /* VirtualDVHSController.mm */ = {isa = PBXFileReference; fileEncoding = 4; lastKnownFileType = sourcecode.cpp.objcpp; path = VirtualDVHSController.mm; sourceTree = "<group>"; };
		A1E8A0A8074AAA2D00ECB12E /* AVCDiscIcon.icns */ = {isa = PBXFileReference; lastKnownFileType = image.icns; path = AVCDiscIcon.icns; sourceTree = "<group>"; };
		A1EEAB67074AF93A00A51159 /* FastForwardButton-Normal.tif */ = {isa = PBXFileReference; lastKnownFileType = image.tiff; path = "FastForwardButton-Normal.tif"; sourceTree = "<group>"; };
		A1EEAB68074AF93A00A51159 /* PauseButton-Hilighted-Blue.tif */ = {isa = PBXFileReference; lastKnownFileType = image.tiff; path = "PauseButton-Hilighted-Blue.tif"; sourceTree = "<group>"; };
		A1EEAB69074AF93A00A51159 /* PauseButton-Normal.tif */ = {isa = PBXFileReference; lastKnownFileType = image.tiff; path = "PauseButton-Normal.tif"; sourceTree = "<group>"; };
		A1EEAB6A074AF93A00A51159 /* PlayButton-Normal.tif */ = {isa = PBXFileReference; lastKnownFileType = image.tiff; path = "PlayButton-Normal.tif"; sourceTree = "<group>"; };
		A1EEAB6B074AF93A00A51159 /* PlayButton-Running-Blue.tif */ = {isa = PBXFileReference; lastKnownFileType = image.tiff; path = "PlayButton-Running-Blue.tif"; sourceTree = "<group>"; };
		A1EEAB6C074AF93A00A51159 /* record-0N.tiff */ = {isa = PBXFileReference; lastKnownFileType = image.tiff; path = "record-0N.tiff"; sourceTree = "<group>"; };
		A1EEAB6D074AF93A00A51159 /* record-1H.tiff */ = {isa = PBXFileReference; lastKnownFileType = image.tiff; path = "record-1H.tiff"; sourceTree = "<group>"; };
		A1EEAB6E074AF93A00A51159 /* RewindButton-Normal.tif */ = {isa = PBXFileReference; lastKnownFileType = image.tiff; path = "RewindButton-Normal.tif"; sourceTree = "<group>"; };
		A1EEAB6F074AF93A00A51159 /* StopButton-Hilighted-Blue.tif */ = {isa = PBXFileReference; lastKnownFileType = image.tiff; path = "StopButton-Hilighted-Blue.tif"; sourceTree = "<group>"; };
		A1EEAB70074AF93A00A51159 /* StopButton-Normal.tif */ = {isa = PBXFileReference; lastKnownFileType = image.tiff; path = "StopButton-Normal.tif"; sourceTree = "<group>"; };
/* End PBXFileReference section */

/* Begin PBXFrameworksBuildPhase section */
		8D11072E0486CEB800E47090 /* Frameworks */ = {
			isa = PBXFrameworksBuildPhase;
			buildActionMask = 2147483647;
			files = (
				8D11072F0486CEB800E47090 /* Cocoa.framework in Frameworks */,
				A1B281D20746B60000CC2FF4 /* AVCVideoServices.framework in Frameworks */,
			);
			runOnlyForDeploymentPostprocessing = 0;
		};
/* End PBXFrameworksBuildPhase section */

/* Begin PBXGroup section */
		080E96DDFE201D6D7F000001 /* Classes */ = {
			isa = PBXGroup;
			children = (
				A150B870074AAC4B0062E7FE /* NaviCreatorController.h */,
				A150B871074AAC4B0062E7FE /* NaviCreatorController.mm */,
				A1E6ED820746B0D5009CB5AF /* VirtualDVHSController.h */,
				A1E6ED830746B0D5009CB5AF /* VirtualDVHSController.mm */,
				A10E621208468EB200D1BAB3 /* VDVHSApplication.h */,
				A10E621308468EB200D1BAB3 /* VDVHSApplication.mm */,
			);
			name = Classes;
			sourceTree = "<group>";
		};
		1058C7A0FEA54F0111CA2CBB /* Linked Frameworks */ = {
			isa = PBXGroup;
			children = (
				1058C7A1FEA54F0111CA2CBB /* Cocoa.framework */,
			);
			name = "Linked Frameworks";
			sourceTree = "<group>";
		};
		1058C7A2FEA54F0111CA2CBB /* Other Frameworks */ = {
			isa = PBXGroup;
			children = (
				29B97325FDCFA39411CA2CEA /* Foundation.framework */,
				29B97324FDCFA39411CA2CEA /* AppKit.framework */,
			);
			name = "Other Frameworks";
			sourceTree = "<group>";
		};
		19C28FACFE9D520D11CA2CBB /* Products */ = {
			isa = PBXGroup;
			children = (
				8D1107320486CEB800E47090 /* VirtualDVHS.app */,
			);
			name = Products;
			sourceTree = "<group>";
		};
		29B97314FDCFA39411CA2CEA /* VirtualDVHS */ = {
			isa = PBXGroup;
			children = (
				080E96DDFE201D6D7F000001 /* Classes */,
				29B97315FDCFA39411CA2CEA /* Other Sources */,
				29B97317FDCFA39411CA2CEA /* Resources */,
				29B97323FDCFA39411CA2CEA /* Frameworks */,
				19C28FACFE9D520D11CA2CBB /* Products */,
			);
			name = VirtualDVHS;
			sourceTree = "<group>";
		};
		29B97315FDCFA39411CA2CEA /* Other Sources */ = {
			isa = PBXGroup;
			children = (
				32CA4F630368D1EE00C91783 /* VirtualDVHS_Prefix.pch */,
				29B97316FDCFA39411CA2CEA /* main.m */,
			);
			name = "Other Sources";
			sourceTree = "<group>";
		};
		29B97317FDCFA39411CA2CEA /* Resources */ = {
			isa = PBXGroup;
			children = (
				A1AB6EE10846A565002AD83F /* VirtualDVHS.scriptSuite */,
				A1AB6EE20846A565002AD83F /* VirtualDVHS.scriptTerminology */,
				A1EEAB66074AF93A00A51159 /* TransportControlButtonImages */,
				A1B9B6B0074AADA000305006 /* NaviCreator.nib */,
				A1E8A0A8074AAA2D00ECB12E /* AVCDiscIcon.icns */,
				8D1107310486CEB800E47090 /* Info.plist */,
				089C165CFE840E0CC02AAC07 /* InfoPlist.strings */,
				29B97318FDCFA39411CA2CEA /* MainMenu.nib */,
			);
			name = Resources;
			sourceTree = "<group>";
		};
		29B97323FDCFA39411CA2CEA /* Frameworks */ = {
			isa = PBXGroup;
			children = (
				A1B281D10746B60000CC2FF4 /* AVCVideoServices.framework */,
				1058C7A0FEA54F0111CA2CBB /* Linked Frameworks */,
				1058C7A2FEA54F0111CA2CBB /* Other Frameworks */,
			);
			name = Frameworks;
			sourceTree = "<group>";
		};
		A1EEAB66074AF93A00A51159 /* TransportControlButtonImages */ = {
			isa = PBXGroup;
			children = (
				A12A15E7074D659B0020C1D3 /* writeProtectOff.tif */,
				A12A15E8074D659B0020C1D3 /* writeProtectOn.tif */,
				A1B15A07074D415F00EA1939 /* num0.tif */,
				A1B15A08074D415F00EA1939 /* num1.tif */,
				A1B15A09074D415F00EA1939 /* num2.tif */,
				A1B15A0A074D415F00EA1939 /* num3.tif */,
				A1B15A0B074D415F00EA1939 /* num4.tif */,
				A1B15A0C074D415F00EA1939 /* num5.tif */,
				A1B15A0D074D415F00EA1939 /* num6.tif */,
				A1B15A0E074D415F00EA1939 /* num7.tif */,
				A1B15A0F074D415F00EA1939 /* num8.tif */,
				A1B15A10074D415F00EA1939 /* num9.tif */,
				A1B15A11074D415F00EA1939 /* numColon.tif */,
				A1B15A12074D415F00EA1939 /* timeBackground.tif */,
				A1B20EA4074CF5390069734C /* background.tif */,
				A19E2ED3074C81960024417F /* InOffOutOff.tif */,
				A19E2ED4074C81960024417F /* InOffOutOn.tif */,
				A19E2ED5074C81960024417F /* InOnOutOff.tif */,
				A19E2ED6074C81960024417F /* InOnOutOn.tif */,
				A1EEAB67074AF93A00A51159 /* FastForwardButton-Normal.tif */,
				A1EEAB68074AF93A00A51159 /* PauseButton-Hilighted-Blue.tif */,
				A1EEAB69074AF93A00A51159 /* PauseButton-Normal.tif */,
				A1EEAB6A074AF93A00A51159 /* PlayButton-Normal.tif */,
				A1EEAB6B074AF93A00A51159 /* PlayButton-Running-Blue.tif */,
				A1EEAB6C074AF93A00A51159 /* record-0N.tiff */,
				A1EEAB6D074AF93A00A51159 /* record-1H.tiff */,
				A1EEAB6E074AF93A00A51159 /* RewindButton-Normal.tif */,
				A1EEAB6F074AF93A00A51159 /* StopButton-Hilighted-Blue.tif */,
				A1EEAB70074AF93A00A51159 /* StopButton-Normal.tif */,
			);
			path = TransportControlButtonImages;
			sourceTree = "<group>";
		};
/* End PBXGroup section */

/* Begin PBXNativeTarget section */
		8D1107260486CEB800E47090 /* VirtualDVHS */ = {
			isa = PBXNativeTarget;
			buildConfigurationList = A13853950882E14B00AD510E /* Build configuration list for PBXNativeTarget "VirtualDVHS" */;
			buildPhases = (
				8D1107290486CEB800E47090 /* Resources */,
				8D11072C0486CEB800E47090 /* Sources */,
				8D11072E0486CEB800E47090 /* Frameworks */,
				A1B281D50746B61A00CC2FF4 /* CopyFiles */,
			);
			buildRules = (
			);
			dependencies = (
			);
			name = VirtualDVHS;
			productInstallPath = "$(HOME)/Applications";
			productName = VirtualDVHS;
			productReference = 8D1107320486CEB800E47090 /* VirtualDVHS.app */;
			productType = "com.apple.product-type.application";
		};
/* End PBXNativeTarget section */

/* Begin PBXProject section */
		29B97313FDCFA39411CA2CEA /* Project object */ = {
			isa = PBXProject;
			buildConfigurationList = A13853990882E14B00AD510E /* Build configuration list for PBXProject "VirtualDVHS" */;
			hasScannedForEncodings = 1;
			mainGroup = 29B97314FDCFA39411CA2CEA /* VirtualDVHS */;
			projectDirPath = "";
			targets = (
				8D1107260486CEB800E47090 /* VirtualDVHS */,
			);
		};
/* End PBXProject section */

/* Begin PBXResourcesBuildPhase section */
		8D1107290486CEB800E47090 /* Resources */ = {
			isa = PBXResourcesBuildPhase;
			buildActionMask = 2147483647;
			files = (
				8D11072A0486CEB800E47090 /* MainMenu.nib in Resources */,
				8D11072B0486CEB800E47090 /* InfoPlist.strings in Resources */,
				A1E6ED840746B0D5009CB5AF /* VirtualDVHSController.h in Resources */,
				A1E8A0A9074AAA2D00ECB12E /* AVCDiscIcon.icns in Resources */,
				A150B872074AAC4B0062E7FE /* NaviCreatorController.h in Resources */,
				A1B9B6B1074AADA000305006 /* NaviCreator.nib in Resources */,
				A1EEAB71074AF93A00A51159 /* FastForwardButton-Normal.tif in Resources */,
				A1EEAB72074AF93A00A51159 /* PauseButton-Hilighted-Blue.tif in Resources */,
				A1EEAB73074AF93A00A51159 /* PauseButton-Normal.tif in Resources */,
				A1EEAB74074AF93A00A51159 /* PlayButton-Normal.tif in Resources */,
				A1EEAB75074AF93A00A51159 /* PlayButton-Running-Blue.tif in Resources */,
				A1EEAB76074AF93A00A51159 /* record-0N.tiff in Resources */,
				A1EEAB77074AF93A00A51159 /* record-1H.tiff in Resources */,
				A1EEAB78074AF93A00A51159 /* RewindButton-Normal.tif in Resources */,
				A1EEAB79074AF93A00A51159 /* StopButton-Hilighted-Blue.tif in Resources */,
				A1EEAB7A074AF93A00A51159 /* StopButton-Normal.tif in Resources */,
				A19E2ED7074C81960024417F /* InOffOutOff.tif in Resources */,
				A19E2ED8074C81960024417F /* InOffOutOn.tif in Resources */,
				A19E2ED9074C81960024417F /* InOnOutOff.tif in Resources */,
				A19E2EDA074C81960024417F /* InOnOutOn.tif in Resources */,
				A1B20EA5074CF5390069734C /* background.tif in Resources */,
				A1B15A13074D415F00EA1939 /* num0.tif in Resources */,
				A1B15A14074D415F00EA1939 /* num1.tif in Resources */,
				A1B15A15074D415F00EA1939 /* num2.tif in Resources */,
				A1B15A16074D415F00EA1939 /* num3.tif in Resources */,
				A1B15A17074D415F00EA1939 /* num4.tif in Resources */,
				A1B15A18074D415F00EA1939 /* num5.tif in Resources */,
				A1B15A19074D415F00EA1939 /* num6.tif in Resources */,
				A1B15A1A074D415F00EA1939 /* num7.tif in Resources */,
				A1B15A1B074D415F00EA1939 /* num8.tif in Resources */,
				A1B15A1C074D415F00EA1939 /* num9.tif in Resources */,
				A1B15A1D074D415F00EA1939 /* numColon.tif in Resources */,
				A1B15A1E074D415F00EA1939 /* timeBackground.tif in Resources */,
				A12A15E9074D659B0020C1D3 /* writeProtectOff.tif in Resources */,
				A12A15EA074D659B0020C1D3 /* writeProtectOn.tif in Resources */,
				A10E62390846919600D1BAB3 /* Info.plist in Resources */,
				A1AB6EE30846A565002AD83F /* VirtualDVHS.scriptSuite in Resources */,
				A1AB6EE40846A565002AD83F /* VirtualDVHS.scriptTerminology in Resources */,
			);
			runOnlyForDeploymentPostprocessing = 0;
		};
/* End PBXResourcesBuildPhase section */

/* Begin PBXSourcesBuildPhase section */
		8D11072C0486CEB800E47090 /* Sources */ = {
			isa = PBXSourcesBuildPhase;
			buildActionMask = 2147483647;
			files = (
				8D11072D0486CEB800E47090 /* main.m in Sources */,
				A1E6ED850746B0D5009CB5AF /* VirtualDVHSController.mm in Sources */,
				A150B873074AAC4B0062E7FE /* NaviCreatorController.mm in Sources */,
				A10E621508468EB200D1BAB3 /* VDVHSApplication.mm in Sources */,
			);
			runOnlyForDeploymentPostprocessing = 0;
		};
/* End PBXSourcesBuildPhase section */

/* Begin PBXVariantGroup section */
		089C165CFE840E0CC02AAC07 /* InfoPlist.strings */ = {
			isa = PBXVariantGroup;
			children = (
				089C165DFE840E0CC02AAC07 /* English */,
			);
			name = InfoPlist.strings;
			sourceTree = "<group>";
		};
		29B97318FDCFA39411CA2CEA /* MainMenu.nib */ = {
			isa = PBXVariantGroup;
			children = (
				29B97319FDCFA39411CA2CEA /* English */,
			);
			name = MainMenu.nib;
			sourceTree = "<group>";
		};
/* End PBXVariantGroup section */

/* Begin XCBuildConfiguration section */
		A13853960882E14B00AD510E /* Development */ = {
			isa = XCBuildConfiguration;
			buildSettings = {
				COPY_PHASE_STRIP = NO;
				FRAMEWORK_SEARCH_PATHS = ../Framework;
				GCC_DYNAMIC_NO_PIC = NO;
				GCC_ENABLE_FIX_AND_CONTINUE = YES;
				GCC_GENERATE_DEBUGGING_SYMBOLS = YES;
				GCC_OPTIMIZATION_LEVEL = 0;
				GCC_PRECOMPILE_PREFIX_HEADER = YES;
				GCC_PREFIX_HEADER = VirtualDVHS_Prefix.pch;
				INFOPLIST_FILE = Info.plist;
				PRODUCT_NAME = VirtualDVHS;
				WRAPPER_EXTENSION = app;
				ZERO_LINK = YES;
			};
			name = Development;
		};
		A13853970882E14B00AD510E /* Deployment */ = {
			isa = XCBuildConfiguration;
			buildSettings = {
				COPY_PHASE_STRIP = YES;
				FRAMEWORK_SEARCH_PATHS = ../Framework;
				GCC_ENABLE_FIX_AND_CONTINUE = NO;
				GCC_GENERATE_DEBUGGING_SYMBOLS = NO;
				GCC_PRECOMPILE_PREFIX_HEADER = YES;
				GCC_PREFIX_HEADER = VirtualDVHS_Prefix.pch;
				INFOPLIST_FILE = Info.plist;
				PRODUCT_NAME = VirtualDVHS;
				WRAPPER_EXTENSION = app;
				ZERO_LINK = NO;
			};
			name = Deployment;
		};
		A13853980882E14B00AD510E /* Default */ = {
			isa = XCBuildConfiguration;
			buildSettings = {
				FRAMEWORK_SEARCH_PATHS = ../Framework;
				GCC_GENERATE_DEBUGGING_SYMBOLS = NO;
				GCC_PRECOMPILE_PREFIX_HEADER = YES;
				GCC_PREFIX_HEADER = VirtualDVHS_Prefix.pch;
				INFOPLIST_FILE = Info.plist;
				PRODUCT_NAME = VirtualDVHS;
				WRAPPER_EXTENSION = app;
			};
			name = Default;
		};
		A138539A0882E14B00AD510E /* Development */ = {
			isa = XCBuildConfiguration;
			buildSettings = {
				ARCHS = (
					ppc,
					i386,
				);
				MACOSX_DEPLOYMENT_TARGET = 10.4;
				SDKROOT = /Developer/SDKs/MacOSX10.4u.sdk;
			};
			name = Development;
		};
		A138539B0882E14B00AD510E /* Deployment */ = {
			isa = XCBuildConfiguration;
			buildSettings = {
				ARCHS = (
					ppc,
					i386,
				);
				MACOSX_DEPLOYMENT_TARGET = 10.4;
				SDKROOT = /Developer/SDKs/MacOSX10.4u.sdk;
			};
			name = Deployment;
		};
		A138539C0882E14B00AD510E /* Default */ = {
			isa = XCBuildConfiguration;
			buildSettings = {
				ARCHS = (
					ppc,
					i386,
				);
				MACOSX_DEPLOYMENT_TARGET = 10.4;
				SDKROOT = /Developer/SDKs/MacOSX10.4u.sdk;
			};
			name = Default;
		};
/* End XCBuildConfiguration section */

/* Begin XCConfigurationList section */
		A13853950882E14B00AD510E /* Build configuration list for PBXNativeTarget "VirtualDVHS" */ = {
			isa = XCConfigurationList;
			buildConfigurations = (
				A13853960882E14B00AD510E /* Development */,
				A13853970882E14B00AD510E /* Deployment */,
				A13853980882E14B00AD510E /* Default */,
			);
			defaultConfigurationIsVisible = 0;
			defaultConfigurationName = Default;
		};
		A13853990882E14B00AD510E /* Build configuration list for PBXProject "VirtualDVHS" */ = {
			isa = XCConfigurationList;
			buildConfigurations = (
				A138539A0882E14B00AD510E /* Development */,
				A138539B0882E14B00AD510E /* Deployment */,
				A138539C0882E14B00AD510E /* Default */,
			);
			defaultConfigurationIsVisible = 0;
			defaultConfigurationName = Default;
		};
/* End XCConfigurationList section */
	};
	rootObject = 29B97313FDCFA39411CA2CEA /* Project object */;
}
